// !$*UTF8*$!
{
	archiveVersion = 1;
	classes = {
	};
	objectVersion = 56;
	objects = {

/* Begin PBXBuildFile section */
		3524431E2A0BEAFA00EBC9E6 /* TempViewController.swift in Sources */ = {isa = PBXBuildFile; fileRef = 3524431D2A0BEAFA00EBC9E6 /* TempViewController.swift */; };
		352443212A0BF08200EBC9E6 /* LocationManager.swift in Sources */ = {isa = PBXBuildFile; fileRef = 352443202A0BF08200EBC9E6 /* LocationManager.swift */; };
		352800ED2A0BA82800D51F70 /* AppDelegate.swift in Sources */ = {isa = PBXBuildFile; fileRef = 352800EC2A0BA82800D51F70 /* AppDelegate.swift */; };
		352800EF2A0BA82800D51F70 /* SceneDelegate.swift in Sources */ = {isa = PBXBuildFile; fileRef = 352800EE2A0BA82800D51F70 /* SceneDelegate.swift */; };
		352800F42A0BA82800D51F70 /* Main.storyboard in Resources */ = {isa = PBXBuildFile; fileRef = 352800F22A0BA82800D51F70 /* Main.storyboard */; };
		352800F72A0BA82800D51F70 /* DevDigitalTask.xcdatamodeld in Sources */ = {isa = PBXBuildFile; fileRef = 352800F52A0BA82800D51F70 /* DevDigitalTask.xcdatamodeld */; };
		352800F92A0BA82A00D51F70 /* Assets.xcassets in Resources */ = {isa = PBXBuildFile; fileRef = 352800F82A0BA82A00D51F70 /* Assets.xcassets */; };
		352800FC2A0BA82A00D51F70 /* LaunchScreen.storyboard in Resources */ = {isa = PBXBuildFile; fileRef = 352800FA2A0BA82A00D51F70 /* LaunchScreen.storyboard */; };
		352801072A0BA82A00D51F70 /* DevDigitalTaskTests.swift in Sources */ = {isa = PBXBuildFile; fileRef = 352801062A0BA82A00D51F70 /* DevDigitalTaskTests.swift */; };
		352801112A0BA82A00D51F70 /* DevDigitalTaskUITests.swift in Sources */ = {isa = PBXBuildFile; fileRef = 352801102A0BA82A00D51F70 /* DevDigitalTaskUITests.swift */; };
		352801132A0BA82A00D51F70 /* DevDigitalTaskUITestsLaunchTests.swift in Sources */ = {isa = PBXBuildFile; fileRef = 352801122A0BA82A00D51F70 /* DevDigitalTaskUITestsLaunchTests.swift */; };
		352801262A0BAB7B00D51F70 /* MapItemTableViewCell.xib in Resources */ = {isa = PBXBuildFile; fileRef = 352801202A0BAB7B00D51F70 /* MapItemTableViewCell.xib */; };
		352801272A0BAB7B00D51F70 /* SearchCompletionTableViewCell.swift in Sources */ = {isa = PBXBuildFile; fileRef = 352801212A0BAB7B00D51F70 /* SearchCompletionTableViewCell.swift */; };
		352801282A0BAB7B00D51F70 /* MapTabsView.swift in Sources */ = {isa = PBXBuildFile; fileRef = 352801222A0BAB7B00D51F70 /* MapTabsView.swift */; };
		352801292A0BAB7B00D51F70 /* MapItemTableViewCell.swift in Sources */ = {isa = PBXBuildFile; fileRef = 352801232A0BAB7B00D51F70 /* MapItemTableViewCell.swift */; };
		3528012A2A0BAB7B00D51F70 /* BottomSheetView.swift in Sources */ = {isa = PBXBuildFile; fileRef = 352801242A0BAB7B00D51F70 /* BottomSheetView.swift */; };
		3528012B2A0BAB7B00D51F70 /* SearchCompletionTableViewCell.xib in Resources */ = {isa = PBXBuildFile; fileRef = 352801252A0BAB7B00D51F70 /* SearchCompletionTableViewCell.xib */; };
		352801302A0BAB8700D51F70 /* CLPlacemark.swift in Sources */ = {isa = PBXBuildFile; fileRef = 3528012D2A0BAB8700D51F70 /* CLPlacemark.swift */; };
		352801312A0BAB8700D51F70 /* MKMapView.swift in Sources */ = {isa = PBXBuildFile; fileRef = 3528012E2A0BAB8700D51F70 /* MKMapView.swift */; };
		352801322A0BAB8700D51F70 /* CLLocationCoordinate2D.swift in Sources */ = {isa = PBXBuildFile; fileRef = 3528012F2A0BAB8700D51F70 /* CLLocationCoordinate2D.swift */; };
		352CDEE32A10A2E600695FA8 /* Artwork.swift in Sources */ = {isa = PBXBuildFile; fileRef = 352CDEE22A10A2E600695FA8 /* Artwork.swift */; };
		352CDEE52A10A99600695FA8 /* ArtworkViews.swift in Sources */ = {isa = PBXBuildFile; fileRef = 352CDEE42A10A99600695FA8 /* ArtworkViews.swift */; };
		3534F4CB2A0D3E9100148B00 /* CitiesModel.xcdatamodeld in Sources */ = {isa = PBXBuildFile; fileRef = 3534F4C92A0D3E9100148B00 /* CitiesModel.xcdatamodeld */; };
		3534F4D02A0D407F00148B00 /* City+CoreDataClass.swift in Sources */ = {isa = PBXBuildFile; fileRef = 3534F4CE2A0D407F00148B00 /* City+CoreDataClass.swift */; };
		3534F4D12A0D407F00148B00 /* City+CoreDataProperties.swift in Sources */ = {isa = PBXBuildFile; fileRef = 3534F4CF2A0D407F00148B00 /* City+CoreDataProperties.swift */; };
		3534F4D42A0D411C00148B00 /* WeatherCoreDataManager.swift in Sources */ = {isa = PBXBuildFile; fileRef = 3534F4D32A0D411C00148B00 /* WeatherCoreDataManager.swift */; };
		3534F4D72A0D44ED00148B00 /* Constants.swift in Sources */ = {isa = PBXBuildFile; fileRef = 3534F4D62A0D44ED00148B00 /* Constants.swift */; };
		354BE9482A0DD36900E12CE7 /* WeatherModel.swift in Sources */ = {isa = PBXBuildFile; fileRef = 354BE93B2A0DD36900E12CE7 /* WeatherModel.swift */; };
		354BE9492A0DD36900E12CE7 /* WeatherData.swift in Sources */ = {isa = PBXBuildFile; fileRef = 354BE93D2A0DD36900E12CE7 /* WeatherData.swift */; };
		354BE94C2A0DD38800E12CE7 /* FadeTransitionAnimator.swift in Sources */ = {isa = PBXBuildFile; fileRef = 354BE94B2A0DD38800E12CE7 /* FadeTransitionAnimator.swift */; };
		354BE9642A0DD3D100E12CE7 /* MainMenuTableViewCell.swift in Sources */ = {isa = PBXBuildFile; fileRef = 354BE95A2A0DD3D100E12CE7 /* MainMenuTableViewCell.swift */; };
		354BE9652A0DD3D100E12CE7 /* LoadingCell.swift in Sources */ = {isa = PBXBuildFile; fileRef = 354BE95B2A0DD3D100E12CE7 /* LoadingCell.swift */; };
		354BE9AD2A0DD42900E12CE7 /* AlertViewBuilder.swift in Sources */ = {isa = PBXBuildFile; fileRef = 354BE9AC2A0DD42900E12CE7 /* AlertViewBuilder.swift */; };
		354BE9BE2A0DD83300E12CE7 /* Grid.swift in Sources */ = {isa = PBXBuildFile; fileRef = 354BE9BD2A0DD83300E12CE7 /* Grid.swift */; };
		354BE9C02A0DD8CA00E12CE7 /* UserDefaultsManager.swift in Sources */ = {isa = PBXBuildFile; fileRef = 354BE9BF2A0DD8CA00E12CE7 /* UserDefaultsManager.swift */; };
		3563DA1E2A0C934B006B0C7E /* CustomAnnotation.swift in Sources */ = {isa = PBXBuildFile; fileRef = 3563DA1D2A0C934B006B0C7E /* CustomAnnotation.swift */; };
		3563DA202A0C938B006B0C7E /* CustomAnnotationView.swift in Sources */ = {isa = PBXBuildFile; fileRef = 3563DA1F2A0C938B006B0C7E /* CustomAnnotationView.swift */; };
		3563DA222A0C999C006B0C7E /* MKSearchDelegate.swift in Sources */ = {isa = PBXBuildFile; fileRef = 3563DA212A0C999C006B0C7E /* MKSearchDelegate.swift */; };
		3582E70F2A0DE2ED00DAF76C /* whiteSunAppIcon@2x.png in Resources */ = {isa = PBXBuildFile; fileRef = 3582E7012A0DE2ED00DAF76C /* whiteSunAppIcon@2x.png */; };
		3582E7102A0DE2ED00DAF76C /* cornerSun@2x.png in Resources */ = {isa = PBXBuildFile; fileRef = 3582E7022A0DE2ED00DAF76C /* cornerSun@2x.png */; };
		3582E7112A0DE2ED00DAF76C /* moon@2x.png in Resources */ = {isa = PBXBuildFile; fileRef = 3582E7032A0DE2ED00DAF76C /* moon@2x.png */; };
		3582E7122A0DE2ED00DAF76C /* darkWhiteCloudAppIcon@2x.png in Resources */ = {isa = PBXBuildFile; fileRef = 3582E7042A0DE2ED00DAF76C /* darkWhiteCloudAppIcon@2x.png */; };
		3582E7132A0DE2ED00DAF76C /* darkWhiteCloudAppIcon@3x.png in Resources */ = {isa = PBXBuildFile; fileRef = 3582E7052A0DE2ED00DAF76C /* darkWhiteCloudAppIcon@3x.png */; };
		3582E7142A0DE2ED00DAF76C /* moon@3x.png in Resources */ = {isa = PBXBuildFile; fileRef = 3582E7062A0DE2ED00DAF76C /* moon@3x.png */; };
		3582E7152A0DE2ED00DAF76C /* whiteSunAppIcon@3x.png in Resources */ = {isa = PBXBuildFile; fileRef = 3582E7072A0DE2ED00DAF76C /* whiteSunAppIcon@3x.png */; };
		3582E7162A0DE2ED00DAF76C /* cornerSun@3x.png in Resources */ = {isa = PBXBuildFile; fileRef = 3582E7082A0DE2ED00DAF76C /* cornerSun@3x.png */; };
		3582E7172A0DE2ED00DAF76C /* yellowSun@2x.png in Resources */ = {isa = PBXBuildFile; fileRef = 3582E7092A0DE2ED00DAF76C /* yellowSun@2x.png */; };
		3582E7182A0DE2ED00DAF76C /* yellowSun@3x.png in Resources */ = {isa = PBXBuildFile; fileRef = 3582E70A2A0DE2ED00DAF76C /* yellowSun@3x.png */; };
		3582E7192A0DE2ED00DAF76C /* orangeCloud@2x.png in Resources */ = {isa = PBXBuildFile; fileRef = 3582E70B2A0DE2ED00DAF76C /* orangeCloud@2x.png */; };
		3582E71A2A0DE2ED00DAF76C /* blueWhiteCloud@2x.png in Resources */ = {isa = PBXBuildFile; fileRef = 3582E70C2A0DE2ED00DAF76C /* blueWhiteCloud@2x.png */; };
		3582E71B2A0DE2ED00DAF76C /* blueWhiteCloud@3x.png in Resources */ = {isa = PBXBuildFile; fileRef = 3582E70D2A0DE2ED00DAF76C /* blueWhiteCloud@3x.png */; };
		3582E71C2A0DE2ED00DAF76C /* orangeCloud@3x.png in Resources */ = {isa = PBXBuildFile; fileRef = 3582E70E2A0DE2ED00DAF76C /* orangeCloud@3x.png */; };
		3582E71E2A0DE2F900DAF76C /* ColorThemes.json in Resources */ = {isa = PBXBuildFile; fileRef = 3582E71D2A0DE2F900DAF76C /* ColorThemes.json */; };
		35907C8B2A0E5C6400BDFE8F /* CityListViewController.swift in Sources */ = {isa = PBXBuildFile; fileRef = 35907C8A2A0E5C6400BDFE8F /* CityListViewController.swift */; };
		35907C8D2A0E626C00BDFE8F /* Storyboard.swift in Sources */ = {isa = PBXBuildFile; fileRef = 35907C8C2A0E626C00BDFE8F /* Storyboard.swift */; };
		359B44482A0EAAEB00006D09 /* AppComponents.swift in Sources */ = {isa = PBXBuildFile; fileRef = 359B443F2A0EAAEB00006D09 /* AppComponents.swift */; };
		359B44492A0EAAEB00006D09 /* ColorThemeModel.swift in Sources */ = {isa = PBXBuildFile; fileRef = 359B44432A0EAAEB00006D09 /* ColorThemeModel.swift */; };
		359B444A2A0EAAEB00006D09 /* ColorThemeManager.swift in Sources */ = {isa = PBXBuildFile; fileRef = 359B44442A0EAAEB00006D09 /* ColorThemeManager.swift */; };
		359B444B2A0EAAEB00006D09 /* ColorThemeModelStructs.swift in Sources */ = {isa = PBXBuildFile; fileRef = 359B44462A0EAAEB00006D09 /* ColorThemeModelStructs.swift */; };
		359B444C2A0EAAEB00006D09 /* ColorThemeData.swift in Sources */ = {isa = PBXBuildFile; fileRef = 359B44472A0EAAEB00006D09 /* ColorThemeData.swift */; };
		359B44512A0EAAF500006D09 /* ConditionImageConfigurator.swift in Sources */ = {isa = PBXBuildFile; fileRef = 359B444E2A0EAAF500006D09 /* ConditionImageConfigurator.swift */; };
		359B44522A0EAAF500006D09 /* ConditionImageBuilder.swift in Sources */ = {isa = PBXBuildFile; fileRef = 359B444F2A0EAAF500006D09 /* ConditionImageBuilder.swift */; };
		359B44532A0EAAF500006D09 /* DesignManager.swift in Sources */ = {isa = PBXBuildFile; fileRef = 359B44502A0EAAF500006D09 /* DesignManager.swift */; };
		359B44562A0EAD2500006D09 /* MainMenuCellBuilder.swift in Sources */ = {isa = PBXBuildFile; fileRef = 359B44552A0EAD2500006D09 /* MainMenuCellBuilder.swift */; };
		359B44682A0EC11400006D09 /* DegreeLabel.swift in Sources */ = {isa = PBXBuildFile; fileRef = 359B445A2A0EC11400006D09 /* DegreeLabel.swift */; };
		359B44692A0EC11400006D09 /* WeeklyForecastCell.swift in Sources */ = {isa = PBXBuildFile; fileRef = 359B445D2A0EC11400006D09 /* WeeklyForecastCell.swift */; };
		359B446A2A0EC11400006D09 /* WeeklyForecastTableView.swift in Sources */ = {isa = PBXBuildFile; fileRef = 359B445E2A0EC11400006D09 /* WeeklyForecastTableView.swift */; };
		359B446B2A0EC11400006D09 /* WeatherQualityItemView.swift in Sources */ = {isa = PBXBuildFile; fileRef = 359B44602A0EC11400006D09 /* WeatherQualityItemView.swift */; };
		359B446C2A0EC11400006D09 /* WeatherQualityInfoView.swift in Sources */ = {isa = PBXBuildFile; fileRef = 359B44612A0EC11400006D09 /* WeatherQualityInfoView.swift */; };
		359B446D2A0EC11400006D09 /* CityDetailView.swift in Sources */ = {isa = PBXBuildFile; fileRef = 359B44622A0EC11400006D09 /* CityDetailView.swift */; };
		359B446E2A0EC11400006D09 /* HourlyCollectionViewCell.swift in Sources */ = {isa = PBXBuildFile; fileRef = 359B44642A0EC11400006D09 /* HourlyCollectionViewCell.swift */; };
		359B446F2A0EC11400006D09 /* HourlyForecastView.swift in Sources */ = {isa = PBXBuildFile; fileRef = 359B44652A0EC11400006D09 /* HourlyForecastView.swift */; };
		359B44702A0EC11400006D09 /* CityDetailViewController.swift in Sources */ = {isa = PBXBuildFile; fileRef = 359B44672A0EC11400006D09 /* CityDetailViewController.swift */; };
		359B447D2A0ECB5000006D09 /* DevListRouter.swift in Sources */ = {isa = PBXBuildFile; fileRef = 359B44732A0ECB5000006D09 /* DevListRouter.swift */; };
		359B447E2A0ECB5000006D09 /* DevListHandler.swift in Sources */ = {isa = PBXBuildFile; fileRef = 359B44742A0ECB5000006D09 /* DevListHandler.swift */; };
		359B44802A0ECB5000006D09 /* Network+Utils.swift in Sources */ = {isa = PBXBuildFile; fileRef = 359B44772A0ECB5000006D09 /* Network+Utils.swift */; };
		359B44812A0ECB5000006D09 /* Reachability.swift in Sources */ = {isa = PBXBuildFile; fileRef = 359B44782A0ECB5000006D09 /* Reachability.swift */; };
		359B44832A0ECB5000006D09 /* AppGateway.plist in Resources */ = {isa = PBXBuildFile; fileRef = 359B447A2A0ECB5000006D09 /* AppGateway.plist */; };
		359B44842A0ECB5000006D09 /* NetworkHandler.swift in Sources */ = {isa = PBXBuildFile; fileRef = 359B447B2A0ECB5000006D09 /* NetworkHandler.swift */; };
		359B44852A0ECB5000006D09 /* NetworkConfiguration.swift in Sources */ = {isa = PBXBuildFile; fileRef = 359B447C2A0ECB5000006D09 /* NetworkConfiguration.swift */; };
		359B44882A0ECCAE00006D09 /* Gateway.swift in Sources */ = {isa = PBXBuildFile; fileRef = 359B44862A0ECCAE00006D09 /* Gateway.swift */; };
		359B44892A0ECCAE00006D09 /* APIConstants.swift in Sources */ = {isa = PBXBuildFile; fileRef = 359B44872A0ECCAE00006D09 /* APIConstants.swift */; };
		359B448C2A0ECD1700006D09 /* APIError.swift in Sources */ = {isa = PBXBuildFile; fileRef = 359B448B2A0ECD1700006D09 /* APIError.swift */; };
		359B448E2A0ECF5D00006D09 /* Dictionary+Util.swift in Sources */ = {isa = PBXBuildFile; fileRef = 359B448D2A0ECF5D00006D09 /* Dictionary+Util.swift */; };
		35C3D9672A123F460096BAAA /* WeatherListModel.swift in Sources */ = {isa = PBXBuildFile; fileRef = 35C3D9662A123F460096BAAA /* WeatherListModel.swift */; };
		35C579E62A0F5E90003AD86B /* NotificationName+Util.swift in Sources */ = {isa = PBXBuildFile; fileRef = 35C579E52A0F5E90003AD86B /* NotificationName+Util.swift */; };
		35C579E82A0F6631003AD86B /* help.html in Resources */ = {isa = PBXBuildFile; fileRef = 35C579E72A0F6631003AD86B /* help.html */; };
		35C8A0ED2A0CF10300D92D52 /* HelpViewController.swift in Sources */ = {isa = PBXBuildFile; fileRef = 35C8A0EC2A0CF10300D92D52 /* HelpViewController.swift */; };
		35C8A0EF2A0CF21D00D92D52 /* TempVM.swift in Sources */ = {isa = PBXBuildFile; fileRef = 35C8A0EE2A0CF21D00D92D52 /* TempVM.swift */; };
		35C8A0F12A0CFD2D00D92D52 /* PlaceAnnotation.swift in Sources */ = {isa = PBXBuildFile; fileRef = 35C8A0F02A0CFD2D00D92D52 /* PlaceAnnotation.swift */; };
		35E87E152A0E1DA3003C4D55 /* CityVM.swift in Sources */ = {isa = PBXBuildFile; fileRef = 35E87E142A0E1DA3003C4D55 /* CityVM.swift */; };
		35E87E172A0E4B73003C4D55 /* TabBarViewController.swift in Sources */ = {isa = PBXBuildFile; fileRef = 35E87E162A0E4B73003C4D55 /* TabBarViewController.swift */; };
		35EEBA8D2A12A70A00E75F07 /* CoreDataTests.swift in Sources */ = {isa = PBXBuildFile; fileRef = 35EEBA8C2A12A70A00E75F07 /* CoreDataTests.swift */; };
/* End PBXBuildFile section */

/* Begin PBXContainerItemProxy section */
		352801032A0BA82A00D51F70 /* PBXContainerItemProxy */ = {
			isa = PBXContainerItemProxy;
			containerPortal = 352800E12A0BA82800D51F70 /* Project object */;
			proxyType = 1;
			remoteGlobalIDString = 352800E82A0BA82800D51F70;
			remoteInfo = DevDigitalTask;
		};
		3528010D2A0BA82A00D51F70 /* PBXContainerItemProxy */ = {
			isa = PBXContainerItemProxy;
			containerPortal = 352800E12A0BA82800D51F70 /* Project object */;
			proxyType = 1;
			remoteGlobalIDString = 352800E82A0BA82800D51F70;
			remoteInfo = DevDigitalTask;
		};
		35EEBA8E2A12A70A00E75F07 /* PBXContainerItemProxy */ = {
			isa = PBXContainerItemProxy;
			containerPortal = 352800E12A0BA82800D51F70 /* Project object */;
			proxyType = 1;
			remoteGlobalIDString = 352800E82A0BA82800D51F70;
			remoteInfo = DevDigitalTask;
		};
/* End PBXContainerItemProxy section */

/* Begin PBXFileReference section */
		3524431D2A0BEAFA00EBC9E6 /* TempViewController.swift */ = {isa = PBXFileReference; lastKnownFileType = sourcecode.swift; path = TempViewController.swift; sourceTree = "<group>"; };
		352443202A0BF08200EBC9E6 /* LocationManager.swift */ = {isa = PBXFileReference; lastKnownFileType = sourcecode.swift; path = LocationManager.swift; sourceTree = "<group>"; };
		352800E92A0BA82800D51F70 /* DevDigitalTask.app */ = {isa = PBXFileReference; explicitFileType = wrapper.application; includeInIndex = 0; path = DevDigitalTask.app; sourceTree = BUILT_PRODUCTS_DIR; };
		352800EC2A0BA82800D51F70 /* AppDelegate.swift */ = {isa = PBXFileReference; lastKnownFileType = sourcecode.swift; path = AppDelegate.swift; sourceTree = "<group>"; };
		352800EE2A0BA82800D51F70 /* SceneDelegate.swift */ = {isa = PBXFileReference; lastKnownFileType = sourcecode.swift; path = SceneDelegate.swift; sourceTree = "<group>"; };
		352800F32A0BA82800D51F70 /* Base */ = {isa = PBXFileReference; lastKnownFileType = file.storyboard; name = Base; path = Base.lproj/Main.storyboard; sourceTree = "<group>"; };
		352800F62A0BA82800D51F70 /* DevDigitalTask.xcdatamodel */ = {isa = PBXFileReference; lastKnownFileType = wrapper.xcdatamodel; path = DevDigitalTask.xcdatamodel; sourceTree = "<group>"; };
		352800F82A0BA82A00D51F70 /* Assets.xcassets */ = {isa = PBXFileReference; lastKnownFileType = folder.assetcatalog; path = Assets.xcassets; sourceTree = "<group>"; };
		352800FB2A0BA82A00D51F70 /* Base */ = {isa = PBXFileReference; lastKnownFileType = file.storyboard; name = Base; path = Base.lproj/LaunchScreen.storyboard; sourceTree = "<group>"; };
		352800FD2A0BA82A00D51F70 /* Info.plist */ = {isa = PBXFileReference; lastKnownFileType = text.plist.xml; path = Info.plist; sourceTree = "<group>"; };
		352801022A0BA82A00D51F70 /* DevDigitalTaskTests.xctest */ = {isa = PBXFileReference; explicitFileType = wrapper.cfbundle; includeInIndex = 0; path = DevDigitalTaskTests.xctest; sourceTree = BUILT_PRODUCTS_DIR; };
		352801062A0BA82A00D51F70 /* DevDigitalTaskTests.swift */ = {isa = PBXFileReference; lastKnownFileType = sourcecode.swift; path = DevDigitalTaskTests.swift; sourceTree = "<group>"; };
		3528010C2A0BA82A00D51F70 /* DevDigitalTaskUITests.xctest */ = {isa = PBXFileReference; explicitFileType = wrapper.cfbundle; includeInIndex = 0; path = DevDigitalTaskUITests.xctest; sourceTree = BUILT_PRODUCTS_DIR; };
		352801102A0BA82A00D51F70 /* DevDigitalTaskUITests.swift */ = {isa = PBXFileReference; lastKnownFileType = sourcecode.swift; path = DevDigitalTaskUITests.swift; sourceTree = "<group>"; };
		352801122A0BA82A00D51F70 /* DevDigitalTaskUITestsLaunchTests.swift */ = {isa = PBXFileReference; lastKnownFileType = sourcecode.swift; path = DevDigitalTaskUITestsLaunchTests.swift; sourceTree = "<group>"; };
		352801202A0BAB7B00D51F70 /* MapItemTableViewCell.xib */ = {isa = PBXFileReference; fileEncoding = 4; lastKnownFileType = file.xib; path = MapItemTableViewCell.xib; sourceTree = "<group>"; };
		352801212A0BAB7B00D51F70 /* SearchCompletionTableViewCell.swift */ = {isa = PBXFileReference; fileEncoding = 4; lastKnownFileType = sourcecode.swift; path = SearchCompletionTableViewCell.swift; sourceTree = "<group>"; };
		352801222A0BAB7B00D51F70 /* MapTabsView.swift */ = {isa = PBXFileReference; fileEncoding = 4; lastKnownFileType = sourcecode.swift; path = MapTabsView.swift; sourceTree = "<group>"; };
		352801232A0BAB7B00D51F70 /* MapItemTableViewCell.swift */ = {isa = PBXFileReference; fileEncoding = 4; lastKnownFileType = sourcecode.swift; path = MapItemTableViewCell.swift; sourceTree = "<group>"; };
		352801242A0BAB7B00D51F70 /* BottomSheetView.swift */ = {isa = PBXFileReference; fileEncoding = 4; lastKnownFileType = sourcecode.swift; path = BottomSheetView.swift; sourceTree = "<group>"; };
		352801252A0BAB7B00D51F70 /* SearchCompletionTableViewCell.xib */ = {isa = PBXFileReference; fileEncoding = 4; lastKnownFileType = file.xib; path = SearchCompletionTableViewCell.xib; sourceTree = "<group>"; };
		3528012D2A0BAB8700D51F70 /* CLPlacemark.swift */ = {isa = PBXFileReference; fileEncoding = 4; lastKnownFileType = sourcecode.swift; path = CLPlacemark.swift; sourceTree = "<group>"; };
		3528012E2A0BAB8700D51F70 /* MKMapView.swift */ = {isa = PBXFileReference; fileEncoding = 4; lastKnownFileType = sourcecode.swift; path = MKMapView.swift; sourceTree = "<group>"; };
		3528012F2A0BAB8700D51F70 /* CLLocationCoordinate2D.swift */ = {isa = PBXFileReference; fileEncoding = 4; lastKnownFileType = sourcecode.swift; path = CLLocationCoordinate2D.swift; sourceTree = "<group>"; };
		352CDEE22A10A2E600695FA8 /* Artwork.swift */ = {isa = PBXFileReference; lastKnownFileType = sourcecode.swift; path = Artwork.swift; sourceTree = "<group>"; };
		352CDEE42A10A99600695FA8 /* ArtworkViews.swift */ = {isa = PBXFileReference; fileEncoding = 4; lastKnownFileType = sourcecode.swift; path = ArtworkViews.swift; sourceTree = "<group>"; };
		3534F4CA2A0D3E9100148B00 /* CitiesModel.xcdatamodel */ = {isa = PBXFileReference; lastKnownFileType = wrapper.xcdatamodel; path = CitiesModel.xcdatamodel; sourceTree = "<group>"; };
		3534F4CE2A0D407F00148B00 /* City+CoreDataClass.swift */ = {isa = PBXFileReference; lastKnownFileType = sourcecode.swift; path = "City+CoreDataClass.swift"; sourceTree = SOURCE_ROOT; };
		3534F4CF2A0D407F00148B00 /* City+CoreDataProperties.swift */ = {isa = PBXFileReference; lastKnownFileType = sourcecode.swift; path = "City+CoreDataProperties.swift"; sourceTree = SOURCE_ROOT; };
		3534F4D32A0D411C00148B00 /* WeatherCoreDataManager.swift */ = {isa = PBXFileReference; lastKnownFileType = sourcecode.swift; name = WeatherCoreDataManager.swift; path = DataPersistance/WeatherCoreDataManager.swift; sourceTree = "<group>"; };
		3534F4D62A0D44ED00148B00 /* Constants.swift */ = {isa = PBXFileReference; lastKnownFileType = sourcecode.swift; path = Constants.swift; sourceTree = "<group>"; };
		354BE93B2A0DD36900E12CE7 /* WeatherModel.swift */ = {isa = PBXFileReference; fileEncoding = 4; lastKnownFileType = sourcecode.swift; path = WeatherModel.swift; sourceTree = "<group>"; };
		354BE93D2A0DD36900E12CE7 /* WeatherData.swift */ = {isa = PBXFileReference; fileEncoding = 4; lastKnownFileType = sourcecode.swift; path = WeatherData.swift; sourceTree = "<group>"; };
		354BE94B2A0DD38800E12CE7 /* FadeTransitionAnimator.swift */ = {isa = PBXFileReference; fileEncoding = 4; lastKnownFileType = sourcecode.swift; path = FadeTransitionAnimator.swift; sourceTree = "<group>"; };
		354BE95A2A0DD3D100E12CE7 /* MainMenuTableViewCell.swift */ = {isa = PBXFileReference; fileEncoding = 4; lastKnownFileType = sourcecode.swift; path = MainMenuTableViewCell.swift; sourceTree = "<group>"; };
		354BE95B2A0DD3D100E12CE7 /* LoadingCell.swift */ = {isa = PBXFileReference; fileEncoding = 4; lastKnownFileType = sourcecode.swift; path = LoadingCell.swift; sourceTree = "<group>"; };
		354BE9AC2A0DD42900E12CE7 /* AlertViewBuilder.swift */ = {isa = PBXFileReference; fileEncoding = 4; lastKnownFileType = sourcecode.swift; path = AlertViewBuilder.swift; sourceTree = "<group>"; };
		354BE9BD2A0DD83300E12CE7 /* Grid.swift */ = {isa = PBXFileReference; fileEncoding = 4; lastKnownFileType = sourcecode.swift; path = Grid.swift; sourceTree = "<group>"; };
		354BE9BF2A0DD8CA00E12CE7 /* UserDefaultsManager.swift */ = {isa = PBXFileReference; fileEncoding = 4; lastKnownFileType = sourcecode.swift; path = UserDefaultsManager.swift; sourceTree = "<group>"; };
		3563DA1D2A0C934B006B0C7E /* CustomAnnotation.swift */ = {isa = PBXFileReference; lastKnownFileType = sourcecode.swift; path = CustomAnnotation.swift; sourceTree = "<group>"; };
		3563DA1F2A0C938B006B0C7E /* CustomAnnotationView.swift */ = {isa = PBXFileReference; lastKnownFileType = sourcecode.swift; path = CustomAnnotationView.swift; sourceTree = "<group>"; };
		3563DA212A0C999C006B0C7E /* MKSearchDelegate.swift */ = {isa = PBXFileReference; lastKnownFileType = sourcecode.swift; path = MKSearchDelegate.swift; sourceTree = "<group>"; };
		3582E7012A0DE2ED00DAF76C /* whiteSunAppIcon@2x.png */ = {isa = PBXFileReference; lastKnownFileType = image.png; path = "whiteSunAppIcon@2x.png"; sourceTree = "<group>"; };
		3582E7022A0DE2ED00DAF76C /* cornerSun@2x.png */ = {isa = PBXFileReference; lastKnownFileType = image.png; path = "cornerSun@2x.png"; sourceTree = "<group>"; };
		3582E7032A0DE2ED00DAF76C /* moon@2x.png */ = {isa = PBXFileReference; lastKnownFileType = image.png; path = "moon@2x.png"; sourceTree = "<group>"; };
		3582E7042A0DE2ED00DAF76C /* darkWhiteCloudAppIcon@2x.png */ = {isa = PBXFileReference; lastKnownFileType = image.png; path = "darkWhiteCloudAppIcon@2x.png"; sourceTree = "<group>"; };
		3582E7052A0DE2ED00DAF76C /* darkWhiteCloudAppIcon@3x.png */ = {isa = PBXFileReference; lastKnownFileType = image.png; path = "darkWhiteCloudAppIcon@3x.png"; sourceTree = "<group>"; };
		3582E7062A0DE2ED00DAF76C /* moon@3x.png */ = {isa = PBXFileReference; lastKnownFileType = image.png; path = "moon@3x.png"; sourceTree = "<group>"; };
		3582E7072A0DE2ED00DAF76C /* whiteSunAppIcon@3x.png */ = {isa = PBXFileReference; lastKnownFileType = image.png; path = "whiteSunAppIcon@3x.png"; sourceTree = "<group>"; };
		3582E7082A0DE2ED00DAF76C /* cornerSun@3x.png */ = {isa = PBXFileReference; lastKnownFileType = image.png; path = "cornerSun@3x.png"; sourceTree = "<group>"; };
		3582E7092A0DE2ED00DAF76C /* yellowSun@2x.png */ = {isa = PBXFileReference; lastKnownFileType = image.png; path = "yellowSun@2x.png"; sourceTree = "<group>"; };
		3582E70A2A0DE2ED00DAF76C /* yellowSun@3x.png */ = {isa = PBXFileReference; lastKnownFileType = image.png; path = "yellowSun@3x.png"; sourceTree = "<group>"; };
		3582E70B2A0DE2ED00DAF76C /* orangeCloud@2x.png */ = {isa = PBXFileReference; lastKnownFileType = image.png; path = "orangeCloud@2x.png"; sourceTree = "<group>"; };
		3582E70C2A0DE2ED00DAF76C /* blueWhiteCloud@2x.png */ = {isa = PBXFileReference; lastKnownFileType = image.png; path = "blueWhiteCloud@2x.png"; sourceTree = "<group>"; };
		3582E70D2A0DE2ED00DAF76C /* blueWhiteCloud@3x.png */ = {isa = PBXFileReference; lastKnownFileType = image.png; path = "blueWhiteCloud@3x.png"; sourceTree = "<group>"; };
		3582E70E2A0DE2ED00DAF76C /* orangeCloud@3x.png */ = {isa = PBXFileReference; lastKnownFileType = image.png; path = "orangeCloud@3x.png"; sourceTree = "<group>"; };
		3582E71D2A0DE2F900DAF76C /* ColorThemes.json */ = {isa = PBXFileReference; fileEncoding = 4; lastKnownFileType = text.json; path = ColorThemes.json; sourceTree = "<group>"; };
		35907C8A2A0E5C6400BDFE8F /* CityListViewController.swift */ = {isa = PBXFileReference; lastKnownFileType = sourcecode.swift; path = CityListViewController.swift; sourceTree = "<group>"; };
		35907C8C2A0E626C00BDFE8F /* Storyboard.swift */ = {isa = PBXFileReference; lastKnownFileType = sourcecode.swift; path = Storyboard.swift; sourceTree = "<group>"; };
		359B443F2A0EAAEB00006D09 /* AppComponents.swift */ = {isa = PBXFileReference; fileEncoding = 4; lastKnownFileType = sourcecode.swift; path = AppComponents.swift; sourceTree = "<group>"; };
		359B44432A0EAAEB00006D09 /* ColorThemeModel.swift */ = {isa = PBXFileReference; fileEncoding = 4; lastKnownFileType = sourcecode.swift; path = ColorThemeModel.swift; sourceTree = "<group>"; };
		359B44442A0EAAEB00006D09 /* ColorThemeManager.swift */ = {isa = PBXFileReference; fileEncoding = 4; lastKnownFileType = sourcecode.swift; path = ColorThemeManager.swift; sourceTree = "<group>"; };
		359B44462A0EAAEB00006D09 /* ColorThemeModelStructs.swift */ = {isa = PBXFileReference; fileEncoding = 4; lastKnownFileType = sourcecode.swift; path = ColorThemeModelStructs.swift; sourceTree = "<group>"; };
		359B44472A0EAAEB00006D09 /* ColorThemeData.swift */ = {isa = PBXFileReference; fileEncoding = 4; lastKnownFileType = sourcecode.swift; path = ColorThemeData.swift; sourceTree = "<group>"; };
		359B444E2A0EAAF500006D09 /* ConditionImageConfigurator.swift */ = {isa = PBXFileReference; fileEncoding = 4; lastKnownFileType = sourcecode.swift; path = ConditionImageConfigurator.swift; sourceTree = "<group>"; };
		359B444F2A0EAAF500006D09 /* ConditionImageBuilder.swift */ = {isa = PBXFileReference; fileEncoding = 4; lastKnownFileType = sourcecode.swift; path = ConditionImageBuilder.swift; sourceTree = "<group>"; };
		359B44502A0EAAF500006D09 /* DesignManager.swift */ = {isa = PBXFileReference; fileEncoding = 4; lastKnownFileType = sourcecode.swift; path = DesignManager.swift; sourceTree = "<group>"; };
		359B44552A0EAD2500006D09 /* MainMenuCellBuilder.swift */ = {isa = PBXFileReference; fileEncoding = 4; lastKnownFileType = sourcecode.swift; path = MainMenuCellBuilder.swift; sourceTree = "<group>"; };
		359B445A2A0EC11400006D09 /* DegreeLabel.swift */ = {isa = PBXFileReference; fileEncoding = 4; lastKnownFileType = sourcecode.swift; path = DegreeLabel.swift; sourceTree = "<group>"; };
		359B445D2A0EC11400006D09 /* WeeklyForecastCell.swift */ = {isa = PBXFileReference; fileEncoding = 4; lastKnownFileType = sourcecode.swift; path = WeeklyForecastCell.swift; sourceTree = "<group>"; };
		359B445E2A0EC11400006D09 /* WeeklyForecastTableView.swift */ = {isa = PBXFileReference; fileEncoding = 4; lastKnownFileType = sourcecode.swift; path = WeeklyForecastTableView.swift; sourceTree = "<group>"; };
		359B44602A0EC11400006D09 /* WeatherQualityItemView.swift */ = {isa = PBXFileReference; fileEncoding = 4; lastKnownFileType = sourcecode.swift; path = WeatherQualityItemView.swift; sourceTree = "<group>"; };
		359B44612A0EC11400006D09 /* WeatherQualityInfoView.swift */ = {isa = PBXFileReference; fileEncoding = 4; lastKnownFileType = sourcecode.swift; path = WeatherQualityInfoView.swift; sourceTree = "<group>"; };
		359B44622A0EC11400006D09 /* CityDetailView.swift */ = {isa = PBXFileReference; fileEncoding = 4; lastKnownFileType = sourcecode.swift; path = CityDetailView.swift; sourceTree = "<group>"; };
		359B44642A0EC11400006D09 /* HourlyCollectionViewCell.swift */ = {isa = PBXFileReference; fileEncoding = 4; lastKnownFileType = sourcecode.swift; path = HourlyCollectionViewCell.swift; sourceTree = "<group>"; };
		359B44652A0EC11400006D09 /* HourlyForecastView.swift */ = {isa = PBXFileReference; fileEncoding = 4; lastKnownFileType = sourcecode.swift; path = HourlyForecastView.swift; sourceTree = "<group>"; };
		359B44672A0EC11400006D09 /* CityDetailViewController.swift */ = {isa = PBXFileReference; fileEncoding = 4; lastKnownFileType = sourcecode.swift; path = CityDetailViewController.swift; sourceTree = "<group>"; };
		359B44732A0ECB5000006D09 /* DevListRouter.swift */ = {isa = PBXFileReference; fileEncoding = 4; lastKnownFileType = sourcecode.swift; path = DevListRouter.swift; sourceTree = "<group>"; };
		359B44742A0ECB5000006D09 /* DevListHandler.swift */ = {isa = PBXFileReference; fileEncoding = 4; lastKnownFileType = sourcecode.swift; path = DevListHandler.swift; sourceTree = "<group>"; };
		359B44772A0ECB5000006D09 /* Network+Utils.swift */ = {isa = PBXFileReference; fileEncoding = 4; lastKnownFileType = sourcecode.swift; path = "Network+Utils.swift"; sourceTree = "<group>"; };
		359B44782A0ECB5000006D09 /* Reachability.swift */ = {isa = PBXFileReference; fileEncoding = 4; lastKnownFileType = sourcecode.swift; path = Reachability.swift; sourceTree = "<group>"; };
		359B447A2A0ECB5000006D09 /* AppGateway.plist */ = {isa = PBXFileReference; fileEncoding = 4; lastKnownFileType = text.plist.xml; path = AppGateway.plist; sourceTree = "<group>"; };
		359B447B2A0ECB5000006D09 /* NetworkHandler.swift */ = {isa = PBXFileReference; fileEncoding = 4; lastKnownFileType = sourcecode.swift; path = NetworkHandler.swift; sourceTree = "<group>"; };
		359B447C2A0ECB5000006D09 /* NetworkConfiguration.swift */ = {isa = PBXFileReference; fileEncoding = 4; lastKnownFileType = sourcecode.swift; path = NetworkConfiguration.swift; sourceTree = "<group>"; };
		359B44862A0ECCAE00006D09 /* Gateway.swift */ = {isa = PBXFileReference; fileEncoding = 4; lastKnownFileType = sourcecode.swift; path = Gateway.swift; sourceTree = "<group>"; };
		359B44872A0ECCAE00006D09 /* APIConstants.swift */ = {isa = PBXFileReference; fileEncoding = 4; lastKnownFileType = sourcecode.swift; path = APIConstants.swift; sourceTree = "<group>"; };
		359B448B2A0ECD1700006D09 /* APIError.swift */ = {isa = PBXFileReference; fileEncoding = 4; lastKnownFileType = sourcecode.swift; path = APIError.swift; sourceTree = "<group>"; };
		359B448D2A0ECF5D00006D09 /* Dictionary+Util.swift */ = {isa = PBXFileReference; fileEncoding = 4; lastKnownFileType = sourcecode.swift; path = "Dictionary+Util.swift"; sourceTree = "<group>"; };
		35C3D9662A123F460096BAAA /* WeatherListModel.swift */ = {isa = PBXFileReference; lastKnownFileType = sourcecode.swift; path = WeatherListModel.swift; sourceTree = "<group>"; };
		35C579E52A0F5E90003AD86B /* NotificationName+Util.swift */ = {isa = PBXFileReference; fileEncoding = 4; lastKnownFileType = sourcecode.swift; path = "NotificationName+Util.swift"; sourceTree = "<group>"; };
		35C579E72A0F6631003AD86B /* help.html */ = {isa = PBXFileReference; fileEncoding = 4; lastKnownFileType = text.html; path = help.html; sourceTree = "<group>"; };
		35C8A0EC2A0CF10300D92D52 /* HelpViewController.swift */ = {isa = PBXFileReference; lastKnownFileType = sourcecode.swift; path = HelpViewController.swift; sourceTree = "<group>"; };
		35C8A0EE2A0CF21D00D92D52 /* TempVM.swift */ = {isa = PBXFileReference; lastKnownFileType = sourcecode.swift; path = TempVM.swift; sourceTree = "<group>"; };
		35C8A0F02A0CFD2D00D92D52 /* PlaceAnnotation.swift */ = {isa = PBXFileReference; lastKnownFileType = sourcecode.swift; path = PlaceAnnotation.swift; sourceTree = "<group>"; };
		35E87E142A0E1DA3003C4D55 /* CityVM.swift */ = {isa = PBXFileReference; lastKnownFileType = sourcecode.swift; path = CityVM.swift; sourceTree = "<group>"; };
		35E87E162A0E4B73003C4D55 /* TabBarViewController.swift */ = {isa = PBXFileReference; lastKnownFileType = sourcecode.swift; path = TabBarViewController.swift; sourceTree = "<group>"; };
		35EEBA8A2A12A70A00E75F07 /* CoreDataTests.xctest */ = {isa = PBXFileReference; explicitFileType = wrapper.cfbundle; includeInIndex = 0; path = CoreDataTests.xctest; sourceTree = BUILT_PRODUCTS_DIR; };
		35EEBA8C2A12A70A00E75F07 /* CoreDataTests.swift */ = {isa = PBXFileReference; lastKnownFileType = sourcecode.swift; path = CoreDataTests.swift; sourceTree = "<group>"; };
/* End PBXFileReference section */

/* Begin PBXFrameworksBuildPhase section */
		352800E62A0BA82800D51F70 /* Frameworks */ = {
			isa = PBXFrameworksBuildPhase;
			buildActionMask = 2147483647;
			files = (
			);
			runOnlyForDeploymentPostprocessing = 0;
		};
		352800FF2A0BA82A00D51F70 /* Frameworks */ = {
			isa = PBXFrameworksBuildPhase;
			buildActionMask = 2147483647;
			files = (
			);
			runOnlyForDeploymentPostprocessing = 0;
		};
		352801092A0BA82A00D51F70 /* Frameworks */ = {
			isa = PBXFrameworksBuildPhase;
			buildActionMask = 2147483647;
			files = (
			);
			runOnlyForDeploymentPostprocessing = 0;
		};
		35EEBA872A12A70A00E75F07 /* Frameworks */ = {
			isa = PBXFrameworksBuildPhase;
			buildActionMask = 2147483647;
			files = (
			);
			runOnlyForDeploymentPostprocessing = 0;
		};
/* End PBXFrameworksBuildPhase section */

/* Begin PBXGroup section */
		3524431F2A0BF06100EBC9E6 /* Utilis */ = {
			isa = PBXGroup;
			children = (
				35C579E52A0F5E90003AD86B /* NotificationName+Util.swift */,
				359B448D2A0ECF5D00006D09 /* Dictionary+Util.swift */,
				352443202A0BF08200EBC9E6 /* LocationManager.swift */,
				3563DA212A0C999C006B0C7E /* MKSearchDelegate.swift */,
				3563DA1D2A0C934B006B0C7E /* CustomAnnotation.swift */,
				3563DA1F2A0C938B006B0C7E /* CustomAnnotationView.swift */,
				35C8A0F02A0CFD2D00D92D52 /* PlaceAnnotation.swift */,
				35907C8C2A0E626C00BDFE8F /* Storyboard.swift */,
				352CDEE22A10A2E600695FA8 /* Artwork.swift */,
				352CDEE42A10A99600695FA8 /* ArtworkViews.swift */,
			);
			path = Utilis;
			sourceTree = "<group>";
		};
		352800E02A0BA82800D51F70 = {
			isa = PBXGroup;
			children = (
				352800EB2A0BA82800D51F70 /* DevDigitalTask */,
				352801052A0BA82A00D51F70 /* DevDigitalTaskTests */,
				3528010F2A0BA82A00D51F70 /* DevDigitalTaskUITests */,
				352800EA2A0BA82800D51F70 /* Products */,
			);
			sourceTree = "<group>";
		};
		352800EA2A0BA82800D51F70 /* Products */ = {
			isa = PBXGroup;
			children = (
				352800E92A0BA82800D51F70 /* DevDigitalTask.app */,
				352801022A0BA82A00D51F70 /* DevDigitalTaskTests.xctest */,
				3528010C2A0BA82A00D51F70 /* DevDigitalTaskUITests.xctest */,
				35EEBA8A2A12A70A00E75F07 /* CoreDataTests.xctest */,
			);
			name = Products;
			sourceTree = "<group>";
		};
		352800EB2A0BA82800D51F70 /* DevDigitalTask */ = {
			isa = PBXGroup;
			children = (
				359B448A2A0ECD0500006D09 /* BaseStack */,
				3534F4D22A0D40DD00148B00 /* SupportingFiles */,
				3534F4D52A0D44D700148B00 /* Constants */,
				3563DA232A0C99D5006B0C7E /* Resources */,
				3524431F2A0BF06100EBC9E6 /* Utilis */,
				3528012C2A0BAB8700D51F70 /* Extensions */,
				3528011F2A0BAB7B00D51F70 /* Objects */,
				359B44712A0ECB5000006D09 /* NetworkHandlers */,
				354BE9382A0DD36900E12CE7 /* DataModel */,
				35C8A0E32A0CE7E600D92D52 /* ViewControllers */,
				352800EE2A0BA82800D51F70 /* SceneDelegate.swift */,
				352800EC2A0BA82800D51F70 /* AppDelegate.swift */,
				352800F22A0BA82800D51F70 /* Main.storyboard */,
				352800F82A0BA82A00D51F70 /* Assets.xcassets */,
				352800FA2A0BA82A00D51F70 /* LaunchScreen.storyboard */,
				352800FD2A0BA82A00D51F70 /* Info.plist */,
				352800F52A0BA82800D51F70 /* DevDigitalTask.xcdatamodeld */,
			);
			path = DevDigitalTask;
			sourceTree = "<group>";
		};
		352801052A0BA82A00D51F70 /* DevDigitalTaskTests */ = {
			isa = PBXGroup;
			children = (
				35EEBA8B2A12A70A00E75F07 /* CoreDataTests */,
				352801062A0BA82A00D51F70 /* DevDigitalTaskTests.swift */,
			);
			path = DevDigitalTaskTests;
			sourceTree = "<group>";
		};
		3528010F2A0BA82A00D51F70 /* DevDigitalTaskUITests */ = {
			isa = PBXGroup;
			children = (
				352801102A0BA82A00D51F70 /* DevDigitalTaskUITests.swift */,
				352801122A0BA82A00D51F70 /* DevDigitalTaskUITestsLaunchTests.swift */,
			);
			path = DevDigitalTaskUITests;
			sourceTree = "<group>";
		};
		3528011F2A0BAB7B00D51F70 /* Objects */ = {
			isa = PBXGroup;
			children = (
				352801202A0BAB7B00D51F70 /* MapItemTableViewCell.xib */,
				352801212A0BAB7B00D51F70 /* SearchCompletionTableViewCell.swift */,
				352801222A0BAB7B00D51F70 /* MapTabsView.swift */,
				352801232A0BAB7B00D51F70 /* MapItemTableViewCell.swift */,
				352801242A0BAB7B00D51F70 /* BottomSheetView.swift */,
				352801252A0BAB7B00D51F70 /* SearchCompletionTableViewCell.xib */,
			);
			path = Objects;
			sourceTree = "<group>";
		};
		3528012C2A0BAB8700D51F70 /* Extensions */ = {
			isa = PBXGroup;
			children = (
				3528012D2A0BAB8700D51F70 /* CLPlacemark.swift */,
				3528012E2A0BAB8700D51F70 /* MKMapView.swift */,
				3528012F2A0BAB8700D51F70 /* CLLocationCoordinate2D.swift */,
			);
			path = Extensions;
			sourceTree = "<group>";
		};
		3534F4CC2A0D403400148B00 /* Entities */ = {
			isa = PBXGroup;
			children = (
				3534F4CD2A0D404500148B00 /* City */,
			);
			path = Entities;
			sourceTree = "<group>";
		};
		3534F4CD2A0D404500148B00 /* City */ = {
			isa = PBXGroup;
			children = (
				3534F4CE2A0D407F00148B00 /* City+CoreDataClass.swift */,
				3534F4CF2A0D407F00148B00 /* City+CoreDataProperties.swift */,
			);
			path = City;
			sourceTree = "<group>";
		};
		3534F4D22A0D40DD00148B00 /* SupportingFiles */ = {
			isa = PBXGroup;
			children = (
				3582E71D2A0DE2F900DAF76C /* ColorThemes.json */,
				35C579E72A0F6631003AD86B /* help.html */,
				3582E7002A0DE2ED00DAF76C /* App Icons */,
				3534F4D32A0D411C00148B00 /* WeatherCoreDataManager.swift */,
				354BE9BF2A0DD8CA00E12CE7 /* UserDefaultsManager.swift */,
			);
			path = SupportingFiles;
			sourceTree = "<group>";
		};
		3534F4D52A0D44D700148B00 /* Constants */ = {
			isa = PBXGroup;
			children = (
				359B44872A0ECCAE00006D09 /* APIConstants.swift */,
				359B44862A0ECCAE00006D09 /* Gateway.swift */,
				3534F4D62A0D44ED00148B00 /* Constants.swift */,
				354BE9BD2A0DD83300E12CE7 /* Grid.swift */,
			);
			path = Constants;
			sourceTree = "<group>";
		};
		354BE9262A0DD32300E12CE7 /* CityScreen */ = {
			isa = PBXGroup;
			children = (
				359B444D2A0EAAF500006D09 /* Design Manager */,
				359B443E2A0EAAEB00006D09 /* App components */,
				354BE9AB2A0DD42900E12CE7 /* AlertViewBuilder */,
				354BE9582A0DD3D100E12CE7 /* View */,
				354BE94A2A0DD38800E12CE7 /* TransitionAnimation */,
			);
			path = CityScreen;
			sourceTree = "<group>";
		};
		354BE9382A0DD36900E12CE7 /* DataModel */ = {
			isa = PBXGroup;
			children = (
				354BE93A2A0DD36900E12CE7 /* Model */,
				354BE93C2A0DD36900E12CE7 /* Data */,
			);
			path = DataModel;
			sourceTree = "<group>";
		};
		354BE93A2A0DD36900E12CE7 /* Model */ = {
			isa = PBXGroup;
			children = (
				354BE93B2A0DD36900E12CE7 /* WeatherModel.swift */,
			);
			path = Model;
			sourceTree = "<group>";
		};
		354BE93C2A0DD36900E12CE7 /* Data */ = {
			isa = PBXGroup;
			children = (
				354BE93D2A0DD36900E12CE7 /* WeatherData.swift */,
			);
			path = Data;
			sourceTree = "<group>";
		};
		354BE94A2A0DD38800E12CE7 /* TransitionAnimation */ = {
			isa = PBXGroup;
			children = (
				354BE94B2A0DD38800E12CE7 /* FadeTransitionAnimator.swift */,
			);
			path = TransitionAnimation;
			sourceTree = "<group>";
		};
		354BE9582A0DD3D100E12CE7 /* View */ = {
			isa = PBXGroup;
			children = (
				359B44542A0EAD2500006D09 /* Cell builder */,
				354BE9592A0DD3D100E12CE7 /* Cells */,
			);
			path = View;
			sourceTree = "<group>";
		};
		354BE9592A0DD3D100E12CE7 /* Cells */ = {
			isa = PBXGroup;
			children = (
				354BE95A2A0DD3D100E12CE7 /* MainMenuTableViewCell.swift */,
				354BE95B2A0DD3D100E12CE7 /* LoadingCell.swift */,
			);
			path = Cells;
			sourceTree = "<group>";
		};
		354BE9AB2A0DD42900E12CE7 /* AlertViewBuilder */ = {
			isa = PBXGroup;
			children = (
				354BE9AC2A0DD42900E12CE7 /* AlertViewBuilder.swift */,
			);
			path = AlertViewBuilder;
			sourceTree = "<group>";
		};
		3563DA232A0C99D5006B0C7E /* Resources */ = {
			isa = PBXGroup;
			children = (
				3534F4CC2A0D403400148B00 /* Entities */,
				3534F4C92A0D3E9100148B00 /* CitiesModel.xcdatamodeld */,
			);
			path = Resources;
			sourceTree = "<group>";
		};
		3582E7002A0DE2ED00DAF76C /* App Icons */ = {
			isa = PBXGroup;
			children = (
				3582E7012A0DE2ED00DAF76C /* whiteSunAppIcon@2x.png */,
				3582E7022A0DE2ED00DAF76C /* cornerSun@2x.png */,
				3582E7032A0DE2ED00DAF76C /* moon@2x.png */,
				3582E7042A0DE2ED00DAF76C /* darkWhiteCloudAppIcon@2x.png */,
				3582E7052A0DE2ED00DAF76C /* darkWhiteCloudAppIcon@3x.png */,
				3582E7062A0DE2ED00DAF76C /* moon@3x.png */,
				3582E7072A0DE2ED00DAF76C /* whiteSunAppIcon@3x.png */,
				3582E7082A0DE2ED00DAF76C /* cornerSun@3x.png */,
				3582E7092A0DE2ED00DAF76C /* yellowSun@2x.png */,
				3582E70A2A0DE2ED00DAF76C /* yellowSun@3x.png */,
				3582E70B2A0DE2ED00DAF76C /* orangeCloud@2x.png */,
				3582E70C2A0DE2ED00DAF76C /* blueWhiteCloud@2x.png */,
				3582E70D2A0DE2ED00DAF76C /* blueWhiteCloud@3x.png */,
				3582E70E2A0DE2ED00DAF76C /* orangeCloud@3x.png */,
			);
			path = "App Icons";
			sourceTree = "<group>";
		};
		359B443E2A0EAAEB00006D09 /* App components */ = {
			isa = PBXGroup;
			children = (
				359B443F2A0EAAEB00006D09 /* AppComponents.swift */,
				359B44402A0EAAEB00006D09 /* Color themes */,
			);
			path = "App components";
			sourceTree = "<group>";
		};
		359B44402A0EAAEB00006D09 /* Color themes */ = {
			isa = PBXGroup;
			children = (
				359B44412A0EAAEB00006D09 /* Model */,
			);
			path = "Color themes";
			sourceTree = "<group>";
		};
		359B44412A0EAAEB00006D09 /* Model */ = {
			isa = PBXGroup;
			children = (
				359B44422A0EAAEB00006D09 /* Color theme manager */,
				359B44452A0EAAEB00006D09 /* Color theme data */,
			);
			path = Model;
			sourceTree = "<group>";
		};
		359B44422A0EAAEB00006D09 /* Color theme manager */ = {
			isa = PBXGroup;
			children = (
				359B44432A0EAAEB00006D09 /* ColorThemeModel.swift */,
				359B44442A0EAAEB00006D09 /* ColorThemeManager.swift */,
			);
			path = "Color theme manager";
			sourceTree = "<group>";
		};
		359B44452A0EAAEB00006D09 /* Color theme data */ = {
			isa = PBXGroup;
			children = (
				359B44462A0EAAEB00006D09 /* ColorThemeModelStructs.swift */,
				359B44472A0EAAEB00006D09 /* ColorThemeData.swift */,
			);
			path = "Color theme data";
			sourceTree = "<group>";
		};
		359B444D2A0EAAF500006D09 /* Design Manager */ = {
			isa = PBXGroup;
			children = (
				359B444E2A0EAAF500006D09 /* ConditionImageConfigurator.swift */,
				359B444F2A0EAAF500006D09 /* ConditionImageBuilder.swift */,
				359B44502A0EAAF500006D09 /* DesignManager.swift */,
			);
			path = "Design Manager";
			sourceTree = "<group>";
		};
		359B44542A0EAD2500006D09 /* Cell builder */ = {
			isa = PBXGroup;
			children = (
				359B44552A0EAD2500006D09 /* MainMenuCellBuilder.swift */,
			);
			path = "Cell builder";
			sourceTree = "<group>";
		};
		359B44572A0EC0E600006D09 /* CityDetails */ = {
			isa = PBXGroup;
			children = (
				359B44662A0EC11400006D09 /* Controller */,
				359B44582A0EC11400006D09 /* View */,
			);
			path = CityDetails;
			sourceTree = "<group>";
		};
		359B44582A0EC11400006D09 /* View */ = {
			isa = PBXGroup;
			children = (
				359B44592A0EC11400006D09 /* ValidatedLabel */,
				359B445B2A0EC11400006D09 /* WeeklyForecast */,
				359B445F2A0EC11400006D09 /* WeatherQualityInfo */,
				359B44622A0EC11400006D09 /* CityDetailView.swift */,
				359B44632A0EC11400006D09 /* HourlyForecast */,
			);
			path = View;
			sourceTree = "<group>";
		};
		359B44592A0EC11400006D09 /* ValidatedLabel */ = {
			isa = PBXGroup;
			children = (
				359B445A2A0EC11400006D09 /* DegreeLabel.swift */,
			);
			path = ValidatedLabel;
			sourceTree = "<group>";
		};
		359B445B2A0EC11400006D09 /* WeeklyForecast */ = {
			isa = PBXGroup;
			children = (
				359B445C2A0EC11400006D09 /* Cells */,
				359B445E2A0EC11400006D09 /* WeeklyForecastTableView.swift */,
			);
			path = WeeklyForecast;
			sourceTree = "<group>";
		};
		359B445C2A0EC11400006D09 /* Cells */ = {
			isa = PBXGroup;
			children = (
				359B445D2A0EC11400006D09 /* WeeklyForecastCell.swift */,
			);
			path = Cells;
			sourceTree = "<group>";
		};
		359B445F2A0EC11400006D09 /* WeatherQualityInfo */ = {
			isa = PBXGroup;
			children = (
				359B44602A0EC11400006D09 /* WeatherQualityItemView.swift */,
				359B44612A0EC11400006D09 /* WeatherQualityInfoView.swift */,
			);
			path = WeatherQualityInfo;
			sourceTree = "<group>";
		};
		359B44632A0EC11400006D09 /* HourlyForecast */ = {
			isa = PBXGroup;
			children = (
				359B44642A0EC11400006D09 /* HourlyCollectionViewCell.swift */,
				359B44652A0EC11400006D09 /* HourlyForecastView.swift */,
			);
			path = HourlyForecast;
			sourceTree = "<group>";
		};
		359B44662A0EC11400006D09 /* Controller */ = {
			isa = PBXGroup;
			children = (
				359B44672A0EC11400006D09 /* CityDetailViewController.swift */,
			);
			path = Controller;
			sourceTree = "<group>";
		};
		359B44712A0ECB5000006D09 /* NetworkHandlers */ = {
			isa = PBXGroup;
			children = (
				359B44722A0ECB5000006D09 /* DevDigital */,
				359B44752A0ECB5000006D09 /* Common */,
				35C3D9662A123F460096BAAA /* WeatherListModel.swift */,
			);
			path = NetworkHandlers;
			sourceTree = "<group>";
		};
		359B44722A0ECB5000006D09 /* DevDigital */ = {
			isa = PBXGroup;
			children = (
				359B44732A0ECB5000006D09 /* DevListRouter.swift */,
				359B44742A0ECB5000006D09 /* DevListHandler.swift */,
			);
			path = DevDigital;
			sourceTree = "<group>";
		};
		359B44752A0ECB5000006D09 /* Common */ = {
			isa = PBXGroup;
			children = (
				359B44772A0ECB5000006D09 /* Network+Utils.swift */,
				359B44782A0ECB5000006D09 /* Reachability.swift */,
				359B447A2A0ECB5000006D09 /* AppGateway.plist */,
				359B447B2A0ECB5000006D09 /* NetworkHandler.swift */,
				359B447C2A0ECB5000006D09 /* NetworkConfiguration.swift */,
			);
			path = Common;
			sourceTree = "<group>";
		};
		359B448A2A0ECD0500006D09 /* BaseStack */ = {
			isa = PBXGroup;
			children = (
				359B448B2A0ECD1700006D09 /* APIError.swift */,
			);
			path = BaseStack;
			sourceTree = "<group>";
		};
		35C8A0E32A0CE7E600D92D52 /* ViewControllers */ = {
			isa = PBXGroup;
			children = (
				359B44572A0EC0E600006D09 /* CityDetails */,
				354BE9262A0DD32300E12CE7 /* CityScreen */,
				3524431D2A0BEAFA00EBC9E6 /* TempViewController.swift */,
				35C8A0EE2A0CF21D00D92D52 /* TempVM.swift */,
				35907C8A2A0E5C6400BDFE8F /* CityListViewController.swift */,
				35E87E142A0E1DA3003C4D55 /* CityVM.swift */,
				35C8A0EC2A0CF10300D92D52 /* HelpViewController.swift */,
				35E87E162A0E4B73003C4D55 /* TabBarViewController.swift */,
			);
			path = ViewControllers;
			sourceTree = "<group>";
		};
		35EEBA8B2A12A70A00E75F07 /* CoreDataTests */ = {
			isa = PBXGroup;
			children = (
				35EEBA8C2A12A70A00E75F07 /* CoreDataTests.swift */,
			);
			path = CoreDataTests;
			sourceTree = "<group>";
		};
/* End PBXGroup section */

/* Begin PBXNativeTarget section */
		352800E82A0BA82800D51F70 /* DevDigitalTask */ = {
			isa = PBXNativeTarget;
			buildConfigurationList = 352801162A0BA82A00D51F70 /* Build configuration list for PBXNativeTarget "DevDigitalTask" */;
			buildPhases = (
				352800E52A0BA82800D51F70 /* Sources */,
				352800E62A0BA82800D51F70 /* Frameworks */,
				352800E72A0BA82800D51F70 /* Resources */,
			);
			buildRules = (
			);
			dependencies = (
			);
			name = DevDigitalTask;
			productName = DevDigitalTask;
			productReference = 352800E92A0BA82800D51F70 /* DevDigitalTask.app */;
			productType = "com.apple.product-type.application";
		};
		352801012A0BA82A00D51F70 /* DevDigitalTaskTests */ = {
			isa = PBXNativeTarget;
			buildConfigurationList = 352801192A0BA82A00D51F70 /* Build configuration list for PBXNativeTarget "DevDigitalTaskTests" */;
			buildPhases = (
				352800FE2A0BA82A00D51F70 /* Sources */,
				352800FF2A0BA82A00D51F70 /* Frameworks */,
				352801002A0BA82A00D51F70 /* Resources */,
			);
			buildRules = (
			);
			dependencies = (
				352801042A0BA82A00D51F70 /* PBXTargetDependency */,
			);
			name = DevDigitalTaskTests;
			productName = DevDigitalTaskTests;
			productReference = 352801022A0BA82A00D51F70 /* DevDigitalTaskTests.xctest */;
			productType = "com.apple.product-type.bundle.unit-test";
		};
		3528010B2A0BA82A00D51F70 /* DevDigitalTaskUITests */ = {
			isa = PBXNativeTarget;
			buildConfigurationList = 3528011C2A0BA82A00D51F70 /* Build configuration list for PBXNativeTarget "DevDigitalTaskUITests" */;
			buildPhases = (
				352801082A0BA82A00D51F70 /* Sources */,
				352801092A0BA82A00D51F70 /* Frameworks */,
				3528010A2A0BA82A00D51F70 /* Resources */,
			);
			buildRules = (
			);
			dependencies = (
				3528010E2A0BA82A00D51F70 /* PBXTargetDependency */,
			);
			name = DevDigitalTaskUITests;
			productName = DevDigitalTaskUITests;
			productReference = 3528010C2A0BA82A00D51F70 /* DevDigitalTaskUITests.xctest */;
			productType = "com.apple.product-type.bundle.ui-testing";
		};
		35EEBA892A12A70A00E75F07 /* CoreDataTests */ = {
			isa = PBXNativeTarget;
			buildConfigurationList = 35EEBA922A12A70A00E75F07 /* Build configuration list for PBXNativeTarget "CoreDataTests" */;
			buildPhases = (
				35EEBA862A12A70A00E75F07 /* Sources */,
				35EEBA872A12A70A00E75F07 /* Frameworks */,
				35EEBA882A12A70A00E75F07 /* Resources */,
			);
			buildRules = (
			);
			dependencies = (
				35EEBA8F2A12A70A00E75F07 /* PBXTargetDependency */,
			);
			name = CoreDataTests;
			productName = CoreDataTests;
			productReference = 35EEBA8A2A12A70A00E75F07 /* CoreDataTests.xctest */;
			productType = "com.apple.product-type.bundle.unit-test";
		};
/* End PBXNativeTarget section */

/* Begin PBXProject section */
		352800E12A0BA82800D51F70 /* Project object */ = {
			isa = PBXProject;
			attributes = {
				BuildIndependentTargetsInParallel = 1;
				LastSwiftUpdateCheck = 1430;
				LastUpgradeCheck = 1420;
				TargetAttributes = {
					352800E82A0BA82800D51F70 = {
						CreatedOnToolsVersion = 14.2;
					};
					352801012A0BA82A00D51F70 = {
						CreatedOnToolsVersion = 14.2;
						TestTargetID = 352800E82A0BA82800D51F70;
					};
					3528010B2A0BA82A00D51F70 = {
						CreatedOnToolsVersion = 14.2;
						TestTargetID = 352800E82A0BA82800D51F70;
					};
					35EEBA892A12A70A00E75F07 = {
						CreatedOnToolsVersion = 14.3;
						TestTargetID = 352800E82A0BA82800D51F70;
					};
				};
			};
			buildConfigurationList = 352800E42A0BA82800D51F70 /* Build configuration list for PBXProject "DevDigitalTask" */;
			compatibilityVersion = "Xcode 14.0";
			developmentRegion = en;
			hasScannedForEncodings = 0;
			knownRegions = (
				en,
				Base,
			);
			mainGroup = 352800E02A0BA82800D51F70;
			productRefGroup = 352800EA2A0BA82800D51F70 /* Products */;
			projectDirPath = "";
			projectRoot = "";
			targets = (
				352800E82A0BA82800D51F70 /* DevDigitalTask */,
				352801012A0BA82A00D51F70 /* DevDigitalTaskTests */,
				3528010B2A0BA82A00D51F70 /* DevDigitalTaskUITests */,
				35EEBA892A12A70A00E75F07 /* CoreDataTests */,
			);
		};
/* End PBXProject section */

/* Begin PBXResourcesBuildPhase section */
		352800E72A0BA82800D51F70 /* Resources */ = {
			isa = PBXResourcesBuildPhase;
			buildActionMask = 2147483647;
			files = (
				3582E7182A0DE2ED00DAF76C /* yellowSun@3x.png in Resources */,
				35C579E82A0F6631003AD86B /* help.html in Resources */,
				3582E71E2A0DE2F900DAF76C /* ColorThemes.json in Resources */,
				352800FC2A0BA82A00D51F70 /* LaunchScreen.storyboard in Resources */,
				3582E7122A0DE2ED00DAF76C /* darkWhiteCloudAppIcon@2x.png in Resources */,
				3582E7172A0DE2ED00DAF76C /* yellowSun@2x.png in Resources */,
				3582E7132A0DE2ED00DAF76C /* darkWhiteCloudAppIcon@3x.png in Resources */,
				3582E7162A0DE2ED00DAF76C /* cornerSun@3x.png in Resources */,
				352801262A0BAB7B00D51F70 /* MapItemTableViewCell.xib in Resources */,
				352800F92A0BA82A00D51F70 /* Assets.xcassets in Resources */,
				3528012B2A0BAB7B00D51F70 /* SearchCompletionTableViewCell.xib in Resources */,
				3582E7112A0DE2ED00DAF76C /* moon@2x.png in Resources */,
				3582E7102A0DE2ED00DAF76C /* cornerSun@2x.png in Resources */,
				359B44832A0ECB5000006D09 /* AppGateway.plist in Resources */,
				3582E70F2A0DE2ED00DAF76C /* whiteSunAppIcon@2x.png in Resources */,
				3582E7192A0DE2ED00DAF76C /* orangeCloud@2x.png in Resources */,
				3582E71A2A0DE2ED00DAF76C /* blueWhiteCloud@2x.png in Resources */,
				3582E71C2A0DE2ED00DAF76C /* orangeCloud@3x.png in Resources */,
				3582E7142A0DE2ED00DAF76C /* moon@3x.png in Resources */,
				3582E7152A0DE2ED00DAF76C /* whiteSunAppIcon@3x.png in Resources */,
				3582E71B2A0DE2ED00DAF76C /* blueWhiteCloud@3x.png in Resources */,
				352800F42A0BA82800D51F70 /* Main.storyboard in Resources */,
			);
			runOnlyForDeploymentPostprocessing = 0;
		};
		352801002A0BA82A00D51F70 /* Resources */ = {
			isa = PBXResourcesBuildPhase;
			buildActionMask = 2147483647;
			files = (
			);
			runOnlyForDeploymentPostprocessing = 0;
		};
		3528010A2A0BA82A00D51F70 /* Resources */ = {
			isa = PBXResourcesBuildPhase;
			buildActionMask = 2147483647;
			files = (
			);
			runOnlyForDeploymentPostprocessing = 0;
		};
		35EEBA882A12A70A00E75F07 /* Resources */ = {
			isa = PBXResourcesBuildPhase;
			buildActionMask = 2147483647;
			files = (
			);
			runOnlyForDeploymentPostprocessing = 0;
		};
/* End PBXResourcesBuildPhase section */

/* Begin PBXSourcesBuildPhase section */
		352800E52A0BA82800D51F70 /* Sources */ = {
			isa = PBXSourcesBuildPhase;
			buildActionMask = 2147483647;
			files = (
				3534F4D72A0D44ED00148B00 /* Constants.swift in Sources */,
				3563DA202A0C938B006B0C7E /* CustomAnnotationView.swift in Sources */,
				359B446B2A0EC11400006D09 /* WeatherQualityItemView.swift in Sources */,
				359B44812A0ECB5000006D09 /* Reachability.swift in Sources */,
				359B44892A0ECCAE00006D09 /* APIConstants.swift in Sources */,
				354BE94C2A0DD38800E12CE7 /* FadeTransitionAnimator.swift in Sources */,
				359B447D2A0ECB5000006D09 /* DevListRouter.swift in Sources */,
				3528012A2A0BAB7B00D51F70 /* BottomSheetView.swift in Sources */,
				354BE9492A0DD36900E12CE7 /* WeatherData.swift in Sources */,
				359B44682A0EC11400006D09 /* DegreeLabel.swift in Sources */,
				352800ED2A0BA82800D51F70 /* AppDelegate.swift in Sources */,
				359B44522A0EAAF500006D09 /* ConditionImageBuilder.swift in Sources */,
				3534F4D12A0D407F00148B00 /* City+CoreDataProperties.swift in Sources */,
				352801322A0BAB8700D51F70 /* CLLocationCoordinate2D.swift in Sources */,
				354BE9BE2A0DD83300E12CE7 /* Grid.swift in Sources */,
				359B448E2A0ECF5D00006D09 /* Dictionary+Util.swift in Sources */,
				352800EF2A0BA82800D51F70 /* SceneDelegate.swift in Sources */,
				359B44492A0EAAEB00006D09 /* ColorThemeModel.swift in Sources */,
				35907C8D2A0E626C00BDFE8F /* Storyboard.swift in Sources */,
				359B44702A0EC11400006D09 /* CityDetailViewController.swift in Sources */,
				359B446F2A0EC11400006D09 /* HourlyForecastView.swift in Sources */,
				359B446C2A0EC11400006D09 /* WeatherQualityInfoView.swift in Sources */,
				359B44692A0EC11400006D09 /* WeeklyForecastCell.swift in Sources */,
				352801282A0BAB7B00D51F70 /* MapTabsView.swift in Sources */,
				3534F4CB2A0D3E9100148B00 /* CitiesModel.xcdatamodeld in Sources */,
				352801292A0BAB7B00D51F70 /* MapItemTableViewCell.swift in Sources */,
				359B44802A0ECB5000006D09 /* Network+Utils.swift in Sources */,
				352800F72A0BA82800D51F70 /* DevDigitalTask.xcdatamodeld in Sources */,
				359B44532A0EAAF500006D09 /* DesignManager.swift in Sources */,
				359B446E2A0EC11400006D09 /* HourlyCollectionViewCell.swift in Sources */,
				3534F4D02A0D407F00148B00 /* City+CoreDataClass.swift in Sources */,
				354BE9652A0DD3D100E12CE7 /* LoadingCell.swift in Sources */,
				35907C8B2A0E5C6400BDFE8F /* CityListViewController.swift in Sources */,
				35C3D9672A123F460096BAAA /* WeatherListModel.swift in Sources */,
				352CDEE32A10A2E600695FA8 /* Artwork.swift in Sources */,
				359B44482A0EAAEB00006D09 /* AppComponents.swift in Sources */,
				35E87E152A0E1DA3003C4D55 /* CityVM.swift in Sources */,
				359B44512A0EAAF500006D09 /* ConditionImageConfigurator.swift in Sources */,
				3524431E2A0BEAFA00EBC9E6 /* TempViewController.swift in Sources */,
				359B448C2A0ECD1700006D09 /* APIError.swift in Sources */,
				359B446A2A0EC11400006D09 /* WeeklyForecastTableView.swift in Sources */,
				3534F4D42A0D411C00148B00 /* WeatherCoreDataManager.swift in Sources */,
				354BE9482A0DD36900E12CE7 /* WeatherModel.swift in Sources */,
				3563DA222A0C999C006B0C7E /* MKSearchDelegate.swift in Sources */,
				359B444C2A0EAAEB00006D09 /* ColorThemeData.swift in Sources */,
				352CDEE52A10A99600695FA8 /* ArtworkViews.swift in Sources */,
				352801302A0BAB8700D51F70 /* CLPlacemark.swift in Sources */,
				35E87E172A0E4B73003C4D55 /* TabBarViewController.swift in Sources */,
				35C8A0F12A0CFD2D00D92D52 /* PlaceAnnotation.swift in Sources */,
				354BE9AD2A0DD42900E12CE7 /* AlertViewBuilder.swift in Sources */,
				35C8A0EF2A0CF21D00D92D52 /* TempVM.swift in Sources */,
				352801272A0BAB7B00D51F70 /* SearchCompletionTableViewCell.swift in Sources */,
				352801312A0BAB8700D51F70 /* MKMapView.swift in Sources */,
				359B444A2A0EAAEB00006D09 /* ColorThemeManager.swift in Sources */,
				352443212A0BF08200EBC9E6 /* LocationManager.swift in Sources */,
				35C579E62A0F5E90003AD86B /* NotificationName+Util.swift in Sources */,
				359B446D2A0EC11400006D09 /* CityDetailView.swift in Sources */,
				359B44852A0ECB5000006D09 /* NetworkConfiguration.swift in Sources */,
				359B447E2A0ECB5000006D09 /* DevListHandler.swift in Sources */,
				359B44562A0EAD2500006D09 /* MainMenuCellBuilder.swift in Sources */,
				3563DA1E2A0C934B006B0C7E /* CustomAnnotation.swift in Sources */,
				354BE9C02A0DD8CA00E12CE7 /* UserDefaultsManager.swift in Sources */,
				359B44882A0ECCAE00006D09 /* Gateway.swift in Sources */,
				35C8A0ED2A0CF10300D92D52 /* HelpViewController.swift in Sources */,
				359B444B2A0EAAEB00006D09 /* ColorThemeModelStructs.swift in Sources */,
				354BE9642A0DD3D100E12CE7 /* MainMenuTableViewCell.swift in Sources */,
				359B44842A0ECB5000006D09 /* NetworkHandler.swift in Sources */,
			);
			runOnlyForDeploymentPostprocessing = 0;
		};
		352800FE2A0BA82A00D51F70 /* Sources */ = {
			isa = PBXSourcesBuildPhase;
			buildActionMask = 2147483647;
			files = (
				352801072A0BA82A00D51F70 /* DevDigitalTaskTests.swift in Sources */,
			);
			runOnlyForDeploymentPostprocessing = 0;
		};
		352801082A0BA82A00D51F70 /* Sources */ = {
			isa = PBXSourcesBuildPhase;
			buildActionMask = 2147483647;
			files = (
				352801132A0BA82A00D51F70 /* DevDigitalTaskUITestsLaunchTests.swift in Sources */,
				352801112A0BA82A00D51F70 /* DevDigitalTaskUITests.swift in Sources */,
			);
			runOnlyForDeploymentPostprocessing = 0;
		};
		35EEBA862A12A70A00E75F07 /* Sources */ = {
			isa = PBXSourcesBuildPhase;
			buildActionMask = 2147483647;
			files = (
				35EEBA8D2A12A70A00E75F07 /* CoreDataTests.swift in Sources */,
			);
			runOnlyForDeploymentPostprocessing = 0;
		};
/* End PBXSourcesBuildPhase section */

/* Begin PBXTargetDependency section */
		352801042A0BA82A00D51F70 /* PBXTargetDependency */ = {
			isa = PBXTargetDependency;
			target = 352800E82A0BA82800D51F70 /* DevDigitalTask */;
			targetProxy = 352801032A0BA82A00D51F70 /* PBXContainerItemProxy */;
		};
		3528010E2A0BA82A00D51F70 /* PBXTargetDependency */ = {
			isa = PBXTargetDependency;
			target = 352800E82A0BA82800D51F70 /* DevDigitalTask */;
			targetProxy = 3528010D2A0BA82A00D51F70 /* PBXContainerItemProxy */;
		};
		35EEBA8F2A12A70A00E75F07 /* PBXTargetDependency */ = {
			isa = PBXTargetDependency;
			target = 352800E82A0BA82800D51F70 /* DevDigitalTask */;
			targetProxy = 35EEBA8E2A12A70A00E75F07 /* PBXContainerItemProxy */;
		};
/* End PBXTargetDependency section */

/* Begin PBXVariantGroup section */
		352800F22A0BA82800D51F70 /* Main.storyboard */ = {
			isa = PBXVariantGroup;
			children = (
				352800F32A0BA82800D51F70 /* Base */,
			);
			name = Main.storyboard;
			sourceTree = "<group>";
		};
		352800FA2A0BA82A00D51F70 /* LaunchScreen.storyboard */ = {
			isa = PBXVariantGroup;
			children = (
				352800FB2A0BA82A00D51F70 /* Base */,
			);
			name = LaunchScreen.storyboard;
			sourceTree = "<group>";
		};
/* End PBXVariantGroup section */

/* Begin XCBuildConfiguration section */
		352801142A0BA82A00D51F70 /* Debug */ = {
			isa = XCBuildConfiguration;
			buildSettings = {
				ALWAYS_SEARCH_USER_PATHS = NO;
				CLANG_ANALYZER_NONNULL = YES;
				CLANG_ANALYZER_NUMBER_OBJECT_CONVERSION = YES_AGGRESSIVE;
				CLANG_CXX_LANGUAGE_STANDARD = "gnu++20";
				CLANG_ENABLE_MODULES = YES;
				CLANG_ENABLE_OBJC_ARC = YES;
				CLANG_ENABLE_OBJC_WEAK = YES;
				CLANG_WARN_BLOCK_CAPTURE_AUTORELEASING = YES;
				CLANG_WARN_BOOL_CONVERSION = YES;
				CLANG_WARN_COMMA = YES;
				CLANG_WARN_CONSTANT_CONVERSION = YES;
				CLANG_WARN_DEPRECATED_OBJC_IMPLEMENTATIONS = YES;
				CLANG_WARN_DIRECT_OBJC_ISA_USAGE = YES_ERROR;
				CLANG_WARN_DOCUMENTATION_COMMENTS = YES;
				CLANG_WARN_EMPTY_BODY = YES;
				CLANG_WARN_ENUM_CONVERSION = YES;
				CLANG_WARN_INFINITE_RECURSION = YES;
				CLANG_WARN_INT_CONVERSION = YES;
				CLANG_WARN_NON_LITERAL_NULL_CONVERSION = YES;
				CLANG_WARN_OBJC_IMPLICIT_RETAIN_SELF = YES;
				CLANG_WARN_OBJC_LITERAL_CONVERSION = YES;
				CLANG_WARN_OBJC_ROOT_CLASS = YES_ERROR;
				CLANG_WARN_QUOTED_INCLUDE_IN_FRAMEWORK_HEADER = YES;
				CLANG_WARN_RANGE_LOOP_ANALYSIS = YES;
				CLANG_WARN_STRICT_PROTOTYPES = YES;
				CLANG_WARN_SUSPICIOUS_MOVE = YES;
				CLANG_WARN_UNGUARDED_AVAILABILITY = YES_AGGRESSIVE;
				CLANG_WARN_UNREACHABLE_CODE = YES;
				CLANG_WARN__DUPLICATE_METHOD_MATCH = YES;
				COPY_PHASE_STRIP = NO;
				DEBUG_INFORMATION_FORMAT = dwarf;
				ENABLE_STRICT_OBJC_MSGSEND = YES;
				ENABLE_TESTABILITY = YES;
				GCC_C_LANGUAGE_STANDARD = gnu11;
				GCC_DYNAMIC_NO_PIC = NO;
				GCC_NO_COMMON_BLOCKS = YES;
				GCC_OPTIMIZATION_LEVEL = 0;
				GCC_PREPROCESSOR_DEFINITIONS = (
					"DEBUG=1",
					"$(inherited)",
				);
				GCC_WARN_64_TO_32_BIT_CONVERSION = YES;
				GCC_WARN_ABOUT_RETURN_TYPE = YES_ERROR;
				GCC_WARN_UNDECLARED_SELECTOR = YES;
				GCC_WARN_UNINITIALIZED_AUTOS = YES_AGGRESSIVE;
				GCC_WARN_UNUSED_FUNCTION = YES;
				GCC_WARN_UNUSED_VARIABLE = YES;
				IPHONEOS_DEPLOYMENT_TARGET = 16.2;
				MTL_ENABLE_DEBUG_INFO = INCLUDE_SOURCE;
				MTL_FAST_MATH = YES;
				ONLY_ACTIVE_ARCH = YES;
				SDKROOT = iphoneos;
				SWIFT_ACTIVE_COMPILATION_CONDITIONS = DEBUG;
				SWIFT_OPTIMIZATION_LEVEL = "-Onone";
			};
			name = Debug;
		};
		352801152A0BA82A00D51F70 /* Release */ = {
			isa = XCBuildConfiguration;
			buildSettings = {
				ALWAYS_SEARCH_USER_PATHS = NO;
				CLANG_ANALYZER_NONNULL = YES;
				CLANG_ANALYZER_NUMBER_OBJECT_CONVERSION = YES_AGGRESSIVE;
				CLANG_CXX_LANGUAGE_STANDARD = "gnu++20";
				CLANG_ENABLE_MODULES = YES;
				CLANG_ENABLE_OBJC_ARC = YES;
				CLANG_ENABLE_OBJC_WEAK = YES;
				CLANG_WARN_BLOCK_CAPTURE_AUTORELEASING = YES;
				CLANG_WARN_BOOL_CONVERSION = YES;
				CLANG_WARN_COMMA = YES;
				CLANG_WARN_CONSTANT_CONVERSION = YES;
				CLANG_WARN_DEPRECATED_OBJC_IMPLEMENTATIONS = YES;
				CLANG_WARN_DIRECT_OBJC_ISA_USAGE = YES_ERROR;
				CLANG_WARN_DOCUMENTATION_COMMENTS = YES;
				CLANG_WARN_EMPTY_BODY = YES;
				CLANG_WARN_ENUM_CONVERSION = YES;
				CLANG_WARN_INFINITE_RECURSION = YES;
				CLANG_WARN_INT_CONVERSION = YES;
				CLANG_WARN_NON_LITERAL_NULL_CONVERSION = YES;
				CLANG_WARN_OBJC_IMPLICIT_RETAIN_SELF = YES;
				CLANG_WARN_OBJC_LITERAL_CONVERSION = YES;
				CLANG_WARN_OBJC_ROOT_CLASS = YES_ERROR;
				CLANG_WARN_QUOTED_INCLUDE_IN_FRAMEWORK_HEADER = YES;
				CLANG_WARN_RANGE_LOOP_ANALYSIS = YES;
				CLANG_WARN_STRICT_PROTOTYPES = YES;
				CLANG_WARN_SUSPICIOUS_MOVE = YES;
				CLANG_WARN_UNGUARDED_AVAILABILITY = YES_AGGRESSIVE;
				CLANG_WARN_UNREACHABLE_CODE = YES;
				CLANG_WARN__DUPLICATE_METHOD_MATCH = YES;
				COPY_PHASE_STRIP = NO;
				DEBUG_INFORMATION_FORMAT = "dwarf-with-dsym";
				ENABLE_NS_ASSERTIONS = NO;
				ENABLE_STRICT_OBJC_MSGSEND = YES;
				GCC_C_LANGUAGE_STANDARD = gnu11;
				GCC_NO_COMMON_BLOCKS = YES;
				GCC_WARN_64_TO_32_BIT_CONVERSION = YES;
				GCC_WARN_ABOUT_RETURN_TYPE = YES_ERROR;
				GCC_WARN_UNDECLARED_SELECTOR = YES;
				GCC_WARN_UNINITIALIZED_AUTOS = YES_AGGRESSIVE;
				GCC_WARN_UNUSED_FUNCTION = YES;
				GCC_WARN_UNUSED_VARIABLE = YES;
				IPHONEOS_DEPLOYMENT_TARGET = 16.2;
				MTL_ENABLE_DEBUG_INFO = NO;
				MTL_FAST_MATH = YES;
				SDKROOT = iphoneos;
				SWIFT_COMPILATION_MODE = wholemodule;
				SWIFT_OPTIMIZATION_LEVEL = "-O";
				VALIDATE_PRODUCT = YES;
			};
			name = Release;
		};
		352801172A0BA82A00D51F70 /* Debug */ = {
			isa = XCBuildConfiguration;
			buildSettings = {
				ASSETCATALOG_COMPILER_APPICON_NAME = AppIcon;
				ASSETCATALOG_COMPILER_GLOBAL_ACCENT_COLOR_NAME = AccentColor;
				CODE_SIGN_STYLE = Automatic;
				CURRENT_PROJECT_VERSION = 1;
				DEVELOPMENT_TEAM = F65446F4X7;
				GENERATE_INFOPLIST_FILE = YES;
				INFOPLIST_FILE = DevDigitalTask/Info.plist;
				INFOPLIST_KEY_NSLocationAlwaysAndWhenInUseUsageDescription = "This app requires your location to enable map features.";
				INFOPLIST_KEY_NSLocationAlwaysUsageDescription = "This app requires your location to enable map features.";
				INFOPLIST_KEY_NSLocationUsageDescription = "This app requires your location to enable map features.";
				INFOPLIST_KEY_NSLocationWhenInUseUsageDescription = "This app requires your location to enable map features.";
				INFOPLIST_KEY_UIApplicationSupportsIndirectInputEvents = YES;
				INFOPLIST_KEY_UILaunchStoryboardName = LaunchScreen;
				INFOPLIST_KEY_UIMainStoryboardFile = Main;
				INFOPLIST_KEY_UISupportedInterfaceOrientations_iPad = "UIInterfaceOrientationPortrait UIInterfaceOrientationPortraitUpsideDown UIInterfaceOrientationLandscapeLeft UIInterfaceOrientationLandscapeRight";
				INFOPLIST_KEY_UISupportedInterfaceOrientations_iPhone = "UIInterfaceOrientationPortrait UIInterfaceOrientationLandscapeLeft UIInterfaceOrientationLandscapeRight";
				IPHONEOS_DEPLOYMENT_TARGET = 16.2;
				LD_RUNPATH_SEARCH_PATHS = (
					"$(inherited)",
					"@executable_path/Frameworks",
				);
				MARKETING_VERSION = 1.0;
				PRODUCT_BUNDLE_IDENTIFIER = com.kaiors.DevDigitalTask;
				PRODUCT_NAME = "$(TARGET_NAME)";
				SUPPORTED_PLATFORMS = "iphoneos iphonesimulator";
				SUPPORTS_MACCATALYST = NO;
				SUPPORTS_MAC_DESIGNED_FOR_IPHONE_IPAD = NO;
				SWIFT_EMIT_LOC_STRINGS = YES;
				SWIFT_VERSION = 5.0;
				TARGETED_DEVICE_FAMILY = "1,2";
			};
			name = Debug;
		};
		352801182A0BA82A00D51F70 /* Release */ = {
			isa = XCBuildConfiguration;
			buildSettings = {
				ASSETCATALOG_COMPILER_APPICON_NAME = AppIcon;
				ASSETCATALOG_COMPILER_GLOBAL_ACCENT_COLOR_NAME = AccentColor;
				CODE_SIGN_STYLE = Automatic;
				CURRENT_PROJECT_VERSION = 1;
				DEVELOPMENT_TEAM = F65446F4X7;
				GENERATE_INFOPLIST_FILE = YES;
				INFOPLIST_FILE = DevDigitalTask/Info.plist;
				INFOPLIST_KEY_NSLocationAlwaysAndWhenInUseUsageDescription = "This app requires your location to enable map features.";
				INFOPLIST_KEY_NSLocationAlwaysUsageDescription = "This app requires your location to enable map features.";
				INFOPLIST_KEY_NSLocationUsageDescription = "This app requires your location to enable map features.";
				INFOPLIST_KEY_NSLocationWhenInUseUsageDescription = "This app requires your location to enable map features.";
				INFOPLIST_KEY_UIApplicationSupportsIndirectInputEvents = YES;
				INFOPLIST_KEY_UILaunchStoryboardName = LaunchScreen;
				INFOPLIST_KEY_UIMainStoryboardFile = Main;
				INFOPLIST_KEY_UISupportedInterfaceOrientations_iPad = "UIInterfaceOrientationPortrait UIInterfaceOrientationPortraitUpsideDown UIInterfaceOrientationLandscapeLeft UIInterfaceOrientationLandscapeRight";
				INFOPLIST_KEY_UISupportedInterfaceOrientations_iPhone = "UIInterfaceOrientationPortrait UIInterfaceOrientationLandscapeLeft UIInterfaceOrientationLandscapeRight";
				IPHONEOS_DEPLOYMENT_TARGET = 16.2;
				LD_RUNPATH_SEARCH_PATHS = (
					"$(inherited)",
					"@executable_path/Frameworks",
				);
				MARKETING_VERSION = 1.0;
				PRODUCT_BUNDLE_IDENTIFIER = com.kaiors.DevDigitalTask;
				PRODUCT_NAME = "$(TARGET_NAME)";
				SUPPORTED_PLATFORMS = "iphoneos iphonesimulator";
				SUPPORTS_MACCATALYST = NO;
				SUPPORTS_MAC_DESIGNED_FOR_IPHONE_IPAD = NO;
				SWIFT_EMIT_LOC_STRINGS = YES;
				SWIFT_VERSION = 5.0;
				TARGETED_DEVICE_FAMILY = "1,2";
			};
			name = Release;
		};
		3528011A2A0BA82A00D51F70 /* Debug */ = {
			isa = XCBuildConfiguration;
			buildSettings = {
				ALWAYS_EMBED_SWIFT_STANDARD_LIBRARIES = YES;
				BUNDLE_LOADER = "$(TEST_HOST)";
				CODE_SIGN_STYLE = Automatic;
				CURRENT_PROJECT_VERSION = 1;
				DEVELOPMENT_TEAM = F65446F4X7;
				GENERATE_INFOPLIST_FILE = YES;
				IPHONEOS_DEPLOYMENT_TARGET = 16.2;
				MARKETING_VERSION = 1.0;
				PRODUCT_BUNDLE_IDENTIFIER = com.kaiors.DevDigitalTaskTests;
				PRODUCT_NAME = "$(TARGET_NAME)";
				SWIFT_EMIT_LOC_STRINGS = NO;
				SWIFT_VERSION = 5.0;
				TARGETED_DEVICE_FAMILY = "1,2";
				TEST_HOST = "$(BUILT_PRODUCTS_DIR)/DevDigitalTask.app/$(BUNDLE_EXECUTABLE_FOLDER_PATH)/DevDigitalTask";
			};
			name = Debug;
		};
		3528011B2A0BA82A00D51F70 /* Release */ = {
			isa = XCBuildConfiguration;
			buildSettings = {
				ALWAYS_EMBED_SWIFT_STANDARD_LIBRARIES = YES;
				BUNDLE_LOADER = "$(TEST_HOST)";
				CODE_SIGN_STYLE = Automatic;
				CURRENT_PROJECT_VERSION = 1;
				DEVELOPMENT_TEAM = F65446F4X7;
				GENERATE_INFOPLIST_FILE = YES;
				IPHONEOS_DEPLOYMENT_TARGET = 16.2;
				MARKETING_VERSION = 1.0;
				PRODUCT_BUNDLE_IDENTIFIER = com.kaiors.DevDigitalTaskTests;
				PRODUCT_NAME = "$(TARGET_NAME)";
				SWIFT_EMIT_LOC_STRINGS = NO;
				SWIFT_VERSION = 5.0;
				TARGETED_DEVICE_FAMILY = "1,2";
				TEST_HOST = "$(BUILT_PRODUCTS_DIR)/DevDigitalTask.app/$(BUNDLE_EXECUTABLE_FOLDER_PATH)/DevDigitalTask";
			};
			name = Release;
		};
		3528011D2A0BA82A00D51F70 /* Debug */ = {
			isa = XCBuildConfiguration;
			buildSettings = {
				ALWAYS_EMBED_SWIFT_STANDARD_LIBRARIES = YES;
				CODE_SIGN_STYLE = Automatic;
				CURRENT_PROJECT_VERSION = 1;
				DEVELOPMENT_TEAM = F65446F4X7;
				GENERATE_INFOPLIST_FILE = YES;
				MARKETING_VERSION = 1.0;
				PRODUCT_BUNDLE_IDENTIFIER = com.kaiors.DevDigitalTaskUITests;
				PRODUCT_NAME = "$(TARGET_NAME)";
				SWIFT_EMIT_LOC_STRINGS = NO;
				SWIFT_VERSION = 5.0;
				TARGETED_DEVICE_FAMILY = "1,2";
				TEST_TARGET_NAME = DevDigitalTask;
			};
			name = Debug;
		};
		3528011E2A0BA82A00D51F70 /* Release */ = {
			isa = XCBuildConfiguration;
			buildSettings = {
				ALWAYS_EMBED_SWIFT_STANDARD_LIBRARIES = YES;
				CODE_SIGN_STYLE = Automatic;
				CURRENT_PROJECT_VERSION = 1;
				DEVELOPMENT_TEAM = F65446F4X7;
				GENERATE_INFOPLIST_FILE = YES;
				MARKETING_VERSION = 1.0;
				PRODUCT_BUNDLE_IDENTIFIER = com.kaiors.DevDigitalTaskUITests;
				PRODUCT_NAME = "$(TARGET_NAME)";
				SWIFT_EMIT_LOC_STRINGS = NO;
				SWIFT_VERSION = 5.0;
				TARGETED_DEVICE_FAMILY = "1,2";
				TEST_TARGET_NAME = DevDigitalTask;
			};
			name = Release;
		};
		35EEBA902A12A70A00E75F07 /* Debug */ = {
			isa = XCBuildConfiguration;
			buildSettings = {
				BUNDLE_LOADER = "$(TEST_HOST)";
				CODE_SIGN_STYLE = Automatic;
				CURRENT_PROJECT_VERSION = 1;
				DEVELOPMENT_TEAM = F65446F4X7;
				GENERATE_INFOPLIST_FILE = YES;
				IPHONEOS_DEPLOYMENT_TARGET = 16.4;
				MACOSX_DEPLOYMENT_TARGET = 13.3;
				MARKETING_VERSION = 1.0;
				PRODUCT_BUNDLE_IDENTIFIER = com.kaiors.CoreDataTests;
				PRODUCT_NAME = "$(TARGET_NAME)";
				SDKROOT = auto;
				SUPPORTED_PLATFORMS = "iphoneos iphonesimulator macosx";
				SWIFT_EMIT_LOC_STRINGS = NO;
				SWIFT_VERSION = 5.0;
				TARGETED_DEVICE_FAMILY = "1,2";
				TEST_HOST = "$(BUILT_PRODUCTS_DIR)/DevDigitalTask.app/$(BUNDLE_EXECUTABLE_FOLDER_PATH)/DevDigitalTask";
			};
			name = Debug;
		};
		35EEBA912A12A70A00E75F07 /* Release */ = {
			isa = XCBuildConfiguration;
			buildSettings = {
				BUNDLE_LOADER = "$(TEST_HOST)";
				CODE_SIGN_STYLE = Automatic;
				CURRENT_PROJECT_VERSION = 1;
				DEVELOPMENT_TEAM = F65446F4X7;
				GENERATE_INFOPLIST_FILE = YES;
				IPHONEOS_DEPLOYMENT_TARGET = 16.4;
				MACOSX_DEPLOYMENT_TARGET = 13.3;
				MARKETING_VERSION = 1.0;
				PRODUCT_BUNDLE_IDENTIFIER = com.kaiors.CoreDataTests;
				PRODUCT_NAME = "$(TARGET_NAME)";
				SDKROOT = auto;
				SUPPORTED_PLATFORMS = "iphoneos iphonesimulator macosx";
				SWIFT_EMIT_LOC_STRINGS = NO;
				SWIFT_VERSION = 5.0;
				TARGETED_DEVICE_FAMILY = "1,2";
				TEST_HOST = "$(BUILT_PRODUCTS_DIR)/DevDigitalTask.app/$(BUNDLE_EXECUTABLE_FOLDER_PATH)/DevDigitalTask";
			};
			name = Release;
		};
/* End XCBuildConfiguration section */

/* Begin XCConfigurationList section */
		352800E42A0BA82800D51F70 /* Build configuration list for PBXProject "DevDigitalTask" */ = {
			isa = XCConfigurationList;
			buildConfigurations = (
				352801142A0BA82A00D51F70 /* Debug */,
				352801152A0BA82A00D51F70 /* Release */,
			);
			defaultConfigurationIsVisible = 0;
			defaultConfigurationName = Release;
		};
		352801162A0BA82A00D51F70 /* Build configuration list for PBXNativeTarget "DevDigitalTask" */ = {
			isa = XCConfigurationList;
			buildConfigurations = (
				352801172A0BA82A00D51F70 /* Debug */,
				352801182A0BA82A00D51F70 /* Release */,
			);
			defaultConfigurationIsVisible = 0;
			defaultConfigurationName = Release;
		};
		352801192A0BA82A00D51F70 /* Build configuration list for PBXNativeTarget "DevDigitalTaskTests" */ = {
			isa = XCConfigurationList;
			buildConfigurations = (
				3528011A2A0BA82A00D51F70 /* Debug */,
				3528011B2A0BA82A00D51F70 /* Release */,
			);
			defaultConfigurationIsVisible = 0;
			defaultConfigurationName = Release;
		};
		3528011C2A0BA82A00D51F70 /* Build configuration list for PBXNativeTarget "DevDigitalTaskUITests" */ = {
			isa = XCConfigurationList;
			buildConfigurations = (
				3528011D2A0BA82A00D51F70 /* Debug */,
				3528011E2A0BA82A00D51F70 /* Release */,
			);
			defaultConfigurationIsVisible = 0;
			defaultConfigurationName = Release;
		};
		35EEBA922A12A70A00E75F07 /* Build configuration list for PBXNativeTarget "CoreDataTests" */ = {
			isa = XCConfigurationList;
			buildConfigurations = (
				35EEBA902A12A70A00E75F07 /* Debug */,
				35EEBA912A12A70A00E75F07 /* Release */,
			);
			defaultConfigurationIsVisible = 0;
			defaultConfigurationName = Release;
		};
/* End XCConfigurationList section */

/* Begin XCVersionGroup section */
		352800F52A0BA82800D51F70 /* DevDigitalTask.xcdatamodeld */ = {
			isa = XCVersionGroup;
			children = (
				352800F62A0BA82800D51F70 /* DevDigitalTask.xcdatamodel */,
			);
			currentVersion = 352800F62A0BA82800D51F70 /* DevDigitalTask.xcdatamodel */;
			path = DevDigitalTask.xcdatamodeld;
			sourceTree = "<group>";
			versionGroupType = wrapper.xcdatamodel;
		};
		3534F4C92A0D3E9100148B00 /* CitiesModel.xcdatamodeld */ = {
			isa = XCVersionGroup;
			children = (
				3534F4CA2A0D3E9100148B00 /* CitiesModel.xcdatamodel */,
			);
			currentVersion = 3534F4CA2A0D3E9100148B00 /* CitiesModel.xcdatamodel */;
			path = CitiesModel.xcdatamodeld;
			sourceTree = "<group>";
			versionGroupType = wrapper.xcdatamodel;
		};
/* End XCVersionGroup section */
	};
	rootObject = 352800E12A0BA82800D51F70 /* Project object */;
}
